
<Scheme LastUpgradeVersion="1000" version="1.3">
    <BuildAction parallelizeBuildables="YES" buildImplicitDependencies="YES">
        <BuildActionEntries>
            <BuildActionEntry buildForAnalyzing="YES" buildForRunning="YES" buildForProfiling="YES" buildForArchiving="YES" buildForTesting="YES">
                <BuildableReference BlueprintName="_idx_to_image_calculator_association_norm_rect_calculator_collection_has_min_size_calculator_constant_side_packet_calculator_detections_to_rects_calculator_detections_to_render_data_etc_93FD46FE_ios_min15.5" ReferencedContainer="container:FaceUnityFramework.xcodeproj" BuildableIdentifier="primary" BuildableName="lib_idx_to_image_calculator_association_norm_rect_calculator_collection_has_min_size_calculator_constant_side_packet_calculator_detections_to_rects_calculator_detections_to_render_data_etc_93FD46FE_ios_min15.5.a" BlueprintIdentifier="417D48A30CCBEE2200000000"></BuildableReference>
            </BuildActionEntry>
            <BuildActionEntry buildForTesting="YES" buildForProfiling="YES" buildForAnalyzing="YES" buildForArchiving="YES" buildForRunning="YES">
                <BuildableReference ReferencedContainer="container:FaceUnityFramework.xcodeproj" BuildableIdentifier="primary" BuildableName="lib_idx_core_core-ios_604A8CB0_ios_min15.5.a" BlueprintName="_idx_core_core-ios_604A8CB0_ios_min15.5" BlueprintIdentifier="417D48A381B9216000000000"></BuildableReference>
            </BuildActionEntry>
            <BuildActionEntry buildForRunning="YES" buildForArchiving="YES" buildForAnalyzing="YES" buildForTesting="YES" buildForProfiling="YES">
                <BuildableReference ReferencedContainer="container:FaceUnityFramework.xcodeproj" BuildableIdentifier="primary" BuildableName="lib_idx_to_image_calculator_association_norm_rect_calculator_collection_has_min_size_calculator_constant_side_packet_calculator_detections_to_rects_calculator_detections_to_render_data_etc_93FD46FE_ios_min15.5.a" BlueprintIdentifier="417D48A30CCBEE2200000000" BlueprintName="_idx_to_image_calculator_association_norm_rect_calculator_collection_has_min_size_calculator_constant_side_packet_calculator_detections_to_rects_calculator_detections_to_render_data_etc_93FD46FE_ios_min15.5"></BuildableReference>
            </BuildActionEntry>
            <BuildActionEntry buildForTesting="YES" buildForArchiving="YES" buildForRunning="YES" buildForProfiling="YES" buildForAnalyzing="YES">
                <BuildableReference BuildableIdentifier="primary" ReferencedContainer="container:FaceUnityFramework.xcodeproj" BuildableName="lib_idx_core_core-ios_604A8CB0_ios_min11.0.a" BlueprintIdentifier="417D48A32B7EF91000000000" BlueprintName="_idx_core_core-ios_604A8CB0_ios_min11.0"></BuildableReference>
            </BuildActionEntry>
            <BuildActionEntry buildForAnalyzing="YES" buildForRunning="YES" buildForArchiving="YES" buildForTesting="YES" buildForProfiling="YES">
                <BuildableReference BuildableIdentifier="primary" BuildableName="lib_idx_op_resolver_FC6F4128_ios_min11.0.a" ReferencedContainer="container:FaceUnityFramework.xcodeproj" BlueprintIdentifier="417D48A39277E64A00000000" BlueprintName="_idx_op_resolver_FC6F4128_ios_min11.0"></BuildableReference>
            </BuildActionEntry>
            <BuildActionEntry buildForArchiving="YES" buildForAnalyzing="YES" buildForRunning="YES" buildForProfiling="YES" buildForTesting="YES">
                <BuildableReference BlueprintName="_idx_to_image_calculator_association_norm_rect_calculator_collection_has_min_size_calculator_constant_side_packet_calculator_detections_to_rects_calculator_detections_to_render_data_etc_93FD46FE_ios_min15.5" BlueprintIdentifier="417D48A30CCBEE2200000000" BuildableIdentifier="primary" BuildableName="lib_idx_to_image_calculator_association_norm_rect_calculator_collection_has_min_size_calculator_constant_side_packet_calculator_detections_to_rects_calculator_detections_to_render_data_etc_93FD46FE_ios_min15.5.a" ReferencedContainer="container:FaceUnityFramework.xcodeproj"></BuildableReference>
            </BuildActionEntry>
            <BuildActionEntry buildForAnalyzing="YES" buildForProfiling="YES" buildForTesting="YES" buildForRunning="YES" buildForArchiving="YES">
                <BuildableReference BuildableIdentifier="primary" BuildableName="lib_idx_to_image_calculator_association_norm_rect_calculator_collection_has_min_size_calculator_constant_side_packet_calculator_detections_to_rects_calculator_detections_to_render_data_etc_93FD46FE_ios_min15.5.a" BlueprintName="_idx_to_image_calculator_association_norm_rect_calculator_collection_has_min_size_calculator_constant_side_packet_calculator_detections_to_rects_calculator_detections_to_render_data_etc_93FD46FE_ios_min15.5" ReferencedContainer="container:FaceUnityFramework.xcodeproj" BlueprintIdentifier="417D48A30CCBEE2200000000"></BuildableReference>
            </BuildActionEntry>
            <BuildActionEntry buildForTesting="YES" buildForRunning="YES" buildForProfiling="YES" buildForArchiving="YES" buildForAnalyzing="YES">
                <BuildableReference BlueprintIdentifier="417D48A3D17189C400000000" ReferencedContainer="container:FaceUnityFramework.xcodeproj" BlueprintName="_idx_rectangle_util_callback_packet_calculator_BBA3DABB_ios_min15.5" BuildableName="lib_idx_rectangle_util_callback_packet_calculator_BBA3DABB_ios_min15.5.a" BuildableIdentifier="primary"></BuildableReference>
            </BuildActionEntry>
            <BuildActionEntry buildForProfiling="YES" buildForTesting="YES" buildForArchiving="YES" buildForAnalyzing="YES" buildForRunning="YES">
                <BuildableReference BuildableIdentifier="primary" BlueprintIdentifier="417D48A306F1731C00000000" BuildableName="lib_idx_previous_loopback_calculator_header_util_98F64214_ios_min11.0.a" BlueprintName="_idx_previous_loopback_calculator_header_util_98F64214_ios_min11.0" ReferencedContainer="container:FaceUnityFramework.xcodeproj"></BuildableReference>
            </BuildActionEntry>
            <BuildActionEntry buildForAnalyzing="YES" buildForProfiling="YES" buildForRunning="YES" buildForTesting="YES" buildForArchiving="YES">
                <BuildableReference BuildableName="lib_idx_rectangle_util_callback_packet_calculator_BBA3DABB_ios_min11.0.a" BuildableIdentifier="primary" BlueprintIdentifier="417D48A39EFFF76200000000" ReferencedContainer="container:FaceUnityFramework.xcodeproj" BlueprintName="_idx_rectangle_util_callback_packet_calculator_BBA3DABB_ios_min11.0"></BuildableReference>
            </BuildActionEntry>
            <BuildActionEntry buildForRunning="YES" buildForTesting="YES" buildForProfiling="YES" buildForAnalyzing="YES" buildForArchiving="YES">
                <BuildableReference BlueprintIdentifier="417D48A39D607F7A00000000" ReferencedContainer="container:FaceUnityFramework.xcodeproj" BlueprintName="_idx_max_unpooling_max_pool_argmax_85BC2FB6_ios_min15.5" BuildableIdentifier="primary" BuildableName="lib_idx_max_unpooling_max_pool_argmax_85BC2FB6_ios_min15.5.a"></BuildableReference>
            </BuildActionEntry>
            <BuildActionEntry buildForArchiving="YES" buildForRunning="YES" buildForTesting="YES" buildForAnalyzing="YES" buildForProfiling="YES">
                <BuildableReference BuildableName="lib_idx_math_5D9DF4A8_ios_min11.0.a" BlueprintName="_idx_math_5D9DF4A8_ios_min11.0" BuildableIdentifier="primary" ReferencedContainer="container:FaceUnityFramework.xcodeproj" BlueprintIdentifier="417D48A36C57782E00000000"></BuildableReference>
            </BuildActionEntry>
            <BuildActionEntry buildForArchiving="YES" buildForAnalyzing="YES" buildForTesting="YES" buildForRunning="YES" buildForProfiling="YES">
                <BuildableReference BlueprintIdentifier="417D48A388BE49B200000000" BuildableIdentifier="primary" BlueprintName="_idx_annotation_overlay_calculator_33E919A3_ios_min11.0" BuildableName="lib_idx_annotation_overlay_calculator_33E919A3_ios_min11.0.a" ReferencedContainer="container:FaceUnityFramework.xcodeproj"></BuildableReference>
            </BuildActionEntry>
            <BuildActionEntry buildForArchiving="YES" buildForTesting="YES" buildForRunning="YES" buildForProfiling="YES" buildForAnalyzing="YES">
                <BuildableReference BlueprintName="_idx_BeautyFilters_FF7B3CA6_ios_min15.5" BlueprintIdentifier="417D48A37F1DC96200000000" BuildableName="lib_idx_BeautyFilters_FF7B3CA6_ios_min15.5.a" BuildableIdentifier="primary" ReferencedContainer="container:FaceUnityFramework.xcodeproj"></BuildableReference>
            </BuildActionEntry>
            <BuildActionEntry buildForTesting="YES" buildForRunning="YES" buildForProfiling="YES" buildForAnalyzing="YES" buildForArchiving="YES">
                <BuildableReference BuildableIdentifier="primary" BlueprintName="_idx_to_image_calculator_association_norm_rect_calculator_collection_has_min_size_calculator_constant_side_packet_calculator_detections_to_rects_calculator_detections_to_render_data_etc_93FD46FE_ios_min11.0" BuildableName="lib_idx_to_image_calculator_association_norm_rect_calculator_collection_has_min_size_calculator_constant_side_packet_calculator_detections_to_rects_calculator_detections_to_render_data_etc_93FD46FE_ios_min11.0.a" BlueprintIdentifier="417D48A3E485176400000000" ReferencedContainer="container:FaceUnityFramework.xcodeproj"></BuildableReference>
            </BuildActionEntry>
            <BuildActionEntry buildForProfiling="YES" buildForArchiving="YES" buildForRunning="YES" buildForAnalyzing="YES" buildForTesting="YES">
                <BuildableReference BlueprintName="_idx_rectangle_util_callback_packet_calculator_BBA3DABB_ios_min11.0" ReferencedContainer="container:FaceUnityFramework.xcodeproj" BlueprintIdentifier="417D48A39EFFF76200000000" BuildableIdentifier="primary" BuildableName="lib_idx_rectangle_util_callback_packet_calculator_BBA3DABB_ios_min11.0.a"></BuildableReference>
            </BuildActionEntry>
            <BuildActionEntry buildForTesting="YES" buildForArchiving="YES" buildForRunning="YES" buildForProfiling="YES" buildForAnalyzing="YES">
                <BuildableReference BlueprintName="_idx_to_image_calculator_association_norm_rect_calculator_collection_has_min_size_calculator_constant_side_packet_calculator_detections_to_rects_calculator_detections_to_render_data_etc_93FD46FE_ios_min15.5" BlueprintIdentifier="417D48A30CCBEE2200000000" BuildableName="lib_idx_to_image_calculator_association_norm_rect_calculator_collection_has_min_size_calculator_constant_side_packet_calculator_detections_to_rects_calculator_detections_to_render_data_etc_93FD46FE_ios_min15.5.a" BuildableIdentifier="primary" ReferencedContainer="container:FaceUnityFramework.xcodeproj"></BuildableReference>
            </BuildActionEntry>
            <BuildActionEntry buildForArchiving="YES" buildForRunning="YES" buildForAnalyzing="YES" buildForTesting="YES" buildForProfiling="YES">
                <BuildableReference BlueprintIdentifier="417D48A38A53367000000000" ReferencedContainer="container:FaceUnityFramework.xcodeproj" BuildableIdentifier="primary" BuildableName="lib_idx_clip_vector_size_calculator_12F3A386_ios_min15.5.a" BlueprintName="_idx_clip_vector_size_calculator_12F3A386_ios_min15.5"></BuildableReference>
            </BuildActionEntry>
            <BuildActionEntry buildForRunning="YES" buildForProfiling="YES" buildForAnalyzing="YES" buildForArchiving="YES" buildForTesting="YES">
                <BuildableReference BuildableName="lib_idx_transform_tensor_bilinear_landmarks_to_transform_matrix_transform_landmarks_D9057B53_ios_min15.5.a" BuildableIdentifier="primary" BlueprintName="_idx_transform_tensor_bilinear_landmarks_to_transform_matrix_transform_landmarks_D9057B53_ios_min15.5" BlueprintIdentifier="417D48A34052F06600000000" ReferencedContainer="container:FaceUnityFramework.xcodeproj"></BuildableReference>
            </BuildActionEntry>
            <BuildActionEntry buildForRunning="YES" buildForProfiling="YES" buildForArchiving="YES" buildForTesting="YES" buildForAnalyzing="YES">
                <BuildableReference ReferencedContainer="container:FaceUnityFramework.xcodeproj" BlueprintIdentifier="417D48A3F2EE6F9200000000" BuildableName="lib_idx_transpose_conv_bias_3067A367_ios_min11.0.a" BlueprintName="_idx_transpose_conv_bias_3067A367_ios_min11.0" BuildableIdentifier="primary"></BuildableReference>
            </BuildActionEntry>
            <BuildActionEntry buildForRunning="YES" buildForAnalyzing="YES" buildForTesting="YES" buildForProfiling="YES" buildForArchiving="YES">
                <BuildableReference BuildableIdentifier="primary" BlueprintIdentifier="417D48A3F12CB0F200000000" BlueprintName="_idx_end_loop_calculator_CB32DF59_ios_min15.5" ReferencedContainer="container:FaceUnityFramework.xcodeproj" BuildableName="lib_idx_end_loop_calculator_CB32DF59_ios_min15.5.a"></BuildableReference>
            </BuildActionEntry>
            <BuildActionEntry buildForRunning="YES" buildForAnalyzing="YES" buildForArchiving="YES" buildForTesting="YES" buildForProfiling="YES">
                <BuildableReference ReferencedContainer="container:FaceUnityFramework.xcodeproj" BuildableName="lib_idx_end_loop_calculator_CB32DF59_ios_min11.0.a" BuildableIdentifier="primary" BlueprintIdentifier="417D48A3C0A4299600000000" BlueprintName="_idx_end_loop_calculator_CB32DF59_ios_min11.0"></BuildableReference>
            </BuildActionEntry>
            <BuildActionEntry buildForTesting="YES" buildForArchiving="YES" buildForRunning="YES" buildForAnalyzing="YES" buildForProfiling="YES">
                <BuildableReference BuildableName="lib_idx_to_image_calculator_association_norm_rect_calculator_collection_has_min_size_calculator_constant_side_packet_calculator_detections_to_rects_calculator_detections_to_render_data_etc_93FD46FE_ios_min15.5.a" BlueprintName="_idx_to_image_calculator_association_norm_rect_calculator_collection_has_min_size_calculator_constant_side_packet_calculator_detections_to_rects_calculator_detections_to_render_data_etc_93FD46FE_ios_min15.5" ReferencedContainer="container:FaceUnityFramework.xcodeproj" BlueprintIdentifier="417D48A30CCBEE2200000000" BuildableIdentifier="primary"></BuildableReference>
            </BuildActionEntry>
            <BuildActionEntry buildForAnalyzing="YES" buildForRunning="YES" buildForProfiling="YES" buildForTesting="YES" buildForArchiving="YES">
                <BuildableReference BuildableIdentifier="primary" BlueprintIdentifier="417D48A3E485176400000000" ReferencedContainer="container:FaceUnityFramework.xcodeproj" BlueprintName="_idx_to_image_calculator_association_norm_rect_calculator_collection_has_min_size_calculator_constant_side_packet_calculator_detections_to_rects_calculator_detections_to_render_data_etc_93FD46FE_ios_min11.0" BuildableName="lib_idx_to_image_calculator_association_norm_rect_calculator_collection_has_min_size_calculator_constant_side_packet_calculator_detections_to_rects_calculator_detections_to_render_data_etc_93FD46FE_ios_min11.0.a"></BuildableReference>
            </BuildActionEntry>
            <BuildActionEntry buildForTesting="YES" buildForArchiving="YES" buildForRunning="YES" buildForProfiling="YES" buildForAnalyzing="YES">
                <BuildableReference BlueprintIdentifier="417D48A30CCBEE2200000000" BuildableIdentifier="primary" ReferencedContainer="container:FaceUnityFramework.xcodeproj" BlueprintName="_idx_to_image_calculator_association_norm_rect_calculator_collection_has_min_size_calculator_constant_side_packet_calculator_detections_to_rects_calculator_detections_to_render_data_etc_93FD46FE_ios_min15.5" BuildableName="lib_idx_to_image_calculator_association_norm_rect_calculator_collection_has_min_size_calculator_constant_side_packet_calculator_detections_to_rects_calculator_detections_to_render_data_etc_93FD46FE_ios_min15.5.a"></BuildableReference>
            </BuildActionEntry>
            <BuildActionEntry buildForTesting="YES" buildForRunning="YES" buildForArchiving="YES" buildForAnalyzing="YES" buildForProfiling="YES">
                <BuildableReference BuildableIdentifier="primary" BlueprintName="_idx_to_image_calculator_association_norm_rect_calculator_collection_has_min_size_calculator_constant_side_packet_calculator_detections_to_rects_calculator_detections_to_render_data_etc_93FD46FE_ios_min15.5" ReferencedContainer="container:FaceUnityFramework.xcodeproj" BuildableName="lib_idx_to_image_calculator_association_norm_rect_calculator_collection_has_min_size_calculator_constant_side_packet_calculator_detections_to_rects_calculator_detections_to_render_data_etc_93FD46FE_ios_min15.5.a" BlueprintIdentifier="417D48A30CCBEE2200000000"></BuildableReference>
            </BuildActionEntry>
            <BuildActionEntry buildForAnalyzing="YES" buildForTesting="YES" buildForArchiving="YES" buildForProfiling="YES" buildForRunning="YES">
                <BuildableReference BuildableIdentifier="primary" ReferencedContainer="container:FaceUnityFramework.xcodeproj" BuildableName="lib_idx_op_resolver_FC6F4128_ios_min15.5.a" BlueprintName="_idx_op_resolver_FC6F4128_ios_min15.5" BlueprintIdentifier="417D48A310198E1C00000000"></BuildableReference>
            </BuildActionEntry>
            <BuildActionEntry buildForTesting="YES" buildForRunning="YES" buildForAnalyzing="YES" buildForProfiling="YES" buildForArchiving="YES">
                <BuildableReference BuildableIdentifier="primary" BlueprintName="_idx_to_image_calculator_association_norm_rect_calculator_collection_has_min_size_calculator_constant_side_packet_calculator_detections_to_rects_calculator_detections_to_render_data_etc_93FD46FE_ios_min15.5" BlueprintIdentifier="417D48A30CCBEE2200000000" BuildableName="lib_idx_to_image_calculator_association_norm_rect_calculator_collection_has_min_size_calculator_constant_side_packet_calculator_detections_to_rects_calculator_detections_to_render_data_etc_93FD46FE_ios_min15.5.a" ReferencedContainer="container:FaceUnityFramework.xcodeproj"></BuildableReference>
            </BuildActionEntry>
            <BuildActionEntry buildForTesting="YES" buildForAnalyzing="YES" buildForProfiling="YES" buildForRunning="YES" buildForArchiving="YES">
                <BuildableReference BlueprintName="_idx_OlaFaceUnityLibrary_FaceMeshGPULibrary_93661737_ios_min15.5" ReferencedContainer="container:FaceUnityFramework.xcodeproj" BuildableIdentifier="primary" BuildableName="lib_idx_OlaFaceUnityLibrary_FaceMeshGPULibrary_93661737_ios_min15.5.a" BlueprintIdentifier="417D48A38E057F5400000000"></BuildableReference>
            </BuildActionEntry>
            <BuildActionEntry buildForTesting="YES" buildForAnalyzing="YES" buildForProfiling="YES" buildForRunning="YES" buildForArchiving="YES">
                <BuildableReference ReferencedContainer="container:FaceUnityFramework.xcodeproj" BuildableIdentifier="primary" BlueprintIdentifier="417D48A3158CE27600000000" BuildableName="lib_idx_ref_gpuimagemath_9317A94E_ios_min15.5.a" BlueprintName="_idx_ref_gpuimagemath_9317A94E_ios_min15.5"></BuildableReference>
            </BuildActionEntry>
            <BuildActionEntry buildForTesting="YES" buildForProfiling="YES" buildForArchiving="YES" buildForAnalyzing="YES" buildForRunning="YES">
                <BuildableReference BuildableName="lib_idx_OlaFaceUnityLibrary_FaceMeshGPULibrary_93661737_ios_min15.5.a" BlueprintIdentifier="417D48A38E057F5400000000" ReferencedContainer="container:FaceUnityFramework.xcodeproj" BlueprintName="_idx_OlaFaceUnityLibrary_FaceMeshGPULibrary_93661737_ios_min15.5" BuildableIdentifier="primary"></BuildableReference>
            </BuildActionEntry>
            <BuildActionEntry buildForRunning="YES" buildForArchiving="YES" buildForProfiling="YES" buildForAnalyzing="YES" buildForTesting="YES">
                <BuildableReference BuildableName="lib_idx_to_image_calculator_association_norm_rect_calculator_collection_has_min_size_calculator_constant_side_packet_calculator_detections_to_rects_calculator_detections_to_render_data_etc_93FD46FE_ios_min11.0.a" BuildableIdentifier="primary" BlueprintName="_idx_to_image_calculator_association_norm_rect_calculator_collection_has_min_size_calculator_constant_side_packet_calculator_detections_to_rects_calculator_detections_to_render_data_etc_93FD46FE_ios_min11.0" ReferencedContainer="container:FaceUnityFramework.xcodeproj" BlueprintIdentifier="417D48A3E485176400000000"></BuildableReference>
            </BuildActionEntry>
            <BuildActionEntry buildForRunning="YES" buildForAnalyzing="YES" buildForProfiling="YES" buildForTesting="YES" buildForArchiving="YES">
                <BuildableReference ReferencedContainer="container:FaceUnityFramework.xcodeproj" BuildableIdentifier="primary" BlueprintIdentifier="417D48A39D607F7A00000000" BuildableName="lib_idx_max_unpooling_max_pool_argmax_85BC2FB6_ios_min15.5.a" BlueprintName="_idx_max_unpooling_max_pool_argmax_85BC2FB6_ios_min15.5"></BuildableReference>
            </BuildActionEntry>
            <BuildActionEntry buildForAnalyzing="YES" buildForRunning="YES" buildForArchiving="YES" buildForTesting="YES" buildForProfiling="YES">
                <BuildableReference ReferencedContainer="container:FaceUnityFramework.xcodeproj" BuildableIdentifier="primary" BlueprintName="_idx_annotation_overlay_calculator_33E919A3_ios_min15.5" BlueprintIdentifier="417D48A34486C29000000000" BuildableName="lib_idx_annotation_overlay_calculator_33E919A3_ios_min15.5.a"></BuildableReference>
            </BuildActionEntry>
            <BuildActionEntry buildForProfiling="YES" buildForRunning="YES" buildForArchiving="YES" buildForTesting="YES" buildForAnalyzing="YES">
                <BuildableReference ReferencedContainer="container:FaceUnityFramework.xcodeproj" BuildableIdentifier="primary" BuildableName="lib_idx_ref_gpuimagemath_9317A94E_ios_min11.0.a" BlueprintIdentifier="417D48A3E2CED38800000000" BlueprintName="_idx_ref_gpuimagemath_9317A94E_ios_min11.0"></BuildableReference>
            </BuildActionEntry>
            <BuildActionEntry buildForTesting="YES" buildForAnalyzing="YES" buildForProfiling="YES" buildForArchiving="YES" buildForRunning="YES">
                <BuildableReference BlueprintName="_idx_to_image_calculator_association_norm_rect_calculator_collection_has_min_size_calculator_constant_side_packet_calculator_detections_to_rects_calculator_detections_to_render_data_etc_93FD46FE_ios_min11.0" BuildableIdentifier="primary" BlueprintIdentifier="417D48A3E485176400000000" BuildableName="lib_idx_to_image_calculator_association_norm_rect_calculator_collection_has_min_size_calculator_constant_side_packet_calculator_detections_to_rects_calculator_detections_to_render_data_etc_93FD46FE_ios_min11.0.a" ReferencedContainer="container:FaceUnityFramework.xcodeproj"></BuildableReference>
            </BuildActionEntry>
            <BuildActionEntry buildForTesting="YES" buildForRunning="YES" buildForArchiving="YES" buildForAnalyzing="YES" buildForProfiling="YES">
                <BuildableReference BlueprintName="_idx_max_unpooling_max_pool_argmax_85BC2FB6_ios_min11.0" ReferencedContainer="container:FaceUnityFramework.xcodeproj" BuildableName="lib_idx_max_unpooling_max_pool_argmax_85BC2FB6_ios_min11.0.a" BlueprintIdentifier="417D48A3126F416400000000" BuildableIdentifier="primary"></BuildableReference>
            </BuildActionEntry>
            <BuildActionEntry buildForAnalyzing="YES" buildForTesting="YES" buildForRunning="YES" buildForProfiling="YES" buildForArchiving="YES">
                <BuildableReference BlueprintIdentifier="417D48A33698C8AE00000000" BuildableName="lib_idx_split_vector_calculator_69542939_ios_min15.5.a" ReferencedContainer="container:FaceUnityFramework.xcodeproj" BlueprintName="_idx_split_vector_calculator_69542939_ios_min15.5" BuildableIdentifier="primary"></BuildableReference>
            </BuildActionEntry>
            <BuildActionEntry buildForArchiving="YES" buildForTesting="YES" buildForAnalyzing="YES" buildForRunning="YES" buildForProfiling="YES">
                <BuildableReference BuildableName="lib_idx_transform_tensor_bilinear_landmarks_to_transform_matrix_transform_landmarks_D9057B53_ios_min11.0.a" ReferencedContainer="container:FaceUnityFramework.xcodeproj" BlueprintIdentifier="417D48A34464C97C00000000" BuildableIdentifier="primary" BlueprintName="_idx_transform_tensor_bilinear_landmarks_to_transform_matrix_transform_landmarks_D9057B53_ios_min11.0"></BuildableReference>
            </BuildActionEntry>
            <BuildActionEntry buildForRunning="YES" buildForAnalyzing="YES" buildForTesting="YES" buildForProfiling="YES" buildForArchiving="YES">
                <BuildableReference ReferencedContainer="container:FaceUnityFramework.xcodeproj" BlueprintIdentifier="417D48A3488AD7FC00000000" BuildableName="lib_idx_annotation_renderer_D3908DC2_ios_min15.5.a" BlueprintName="_idx_annotation_renderer_D3908DC2_ios_min15.5" BuildableIdentifier="primary"></BuildableReference>
            </BuildActionEntry>
            <BuildActionEntry buildForAnalyzing="YES" buildForProfiling="YES" buildForTesting="YES" buildForRunning="YES" buildForArchiving="YES">
                <BuildableReference BlueprintIdentifier="417D48A3E485176400000000" BuildableName="lib_idx_to_image_calculator_association_norm_rect_calculator_collection_has_min_size_calculator_constant_side_packet_calculator_detections_to_rects_calculator_detections_to_render_data_etc_93FD46FE_ios_min11.0.a" BuildableIdentifier="primary" BlueprintName="_idx_to_image_calculator_association_norm_rect_calculator_collection_has_min_size_calculator_constant_side_packet_calculator_detections_to_rects_calculator_detections_to_render_data_etc_93FD46FE_ios_min11.0" ReferencedContainer="container:FaceUnityFramework.xcodeproj"></BuildableReference>
            </BuildActionEntry>
            <BuildActionEntry buildForProfiling="YES" buildForTesting="YES" buildForRunning="YES" buildForAnalyzing="YES" buildForArchiving="YES">
                <BuildableReference BlueprintName="_idx_to_image_calculator_association_norm_rect_calculator_collection_has_min_size_calculator_constant_side_packet_calculator_detections_to_rects_calculator_detections_to_render_data_etc_93FD46FE_ios_min11.0" BuildableIdentifier="primary" BuildableName="lib_idx_to_image_calculator_association_norm_rect_calculator_collection_has_min_size_calculator_constant_side_packet_calculator_detections_to_rects_calculator_detections_to_render_data_etc_93FD46FE_ios_min11.0.a" ReferencedContainer="container:FaceUnityFramework.xcodeproj" BlueprintIdentifier="417D48A3E485176400000000"></BuildableReference>
            </BuildActionEntry>
            <BuildActionEntry buildForAnalyzing="YES" buildForTesting="YES" buildForProfiling="YES" buildForRunning="YES" buildForArchiving="YES">
                <BuildableReference BlueprintIdentifier="417D48A35D268A1800000000" BuildableName="lib_idx_begin_loop_calculator_90AAF4FD_ios_min15.5.a" BlueprintName="_idx_begin_loop_calculator_90AAF4FD_ios_min15.5" ReferencedContainer="container:FaceUnityFramework.xcodeproj" BuildableIdentifier="primary"></BuildableReference>
            </BuildActionEntry>
            <BuildActionEntry buildForTesting="YES" buildForRunning="YES" buildForProfiling="YES" buildForAnalyzing="YES" buildForArchiving="YES">
                <BuildableReference BlueprintIdentifier="417D48A306F1731C00000000" BuildableIdentifier="primary" BuildableName="lib_idx_previous_loopback_calculator_header_util_98F64214_ios_min11.0.a" ReferencedContainer="container:FaceUnityFramework.xcodeproj" BlueprintName="_idx_previous_loopback_calculator_header_util_98F64214_ios_min11.0"></BuildableReference>
            </BuildActionEntry>
            <BuildActionEntry buildForAnalyzing="YES" buildForRunning="YES" buildForTesting="YES" buildForArchiving="YES" buildForProfiling="YES">
                <BuildableReference BlueprintName="_idx_to_image_calculator_association_norm_rect_calculator_collection_has_min_size_calculator_constant_side_packet_calculator_detections_to_rects_calculator_detections_to_render_data_etc_93FD46FE_ios_min11.0" BuildableIdentifier="primary" BlueprintIdentifier="417D48A3E485176400000000" BuildableName="lib_idx_to_image_calculator_association_norm_rect_calculator_collection_has_min_size_calculator_constant_side_packet_calculator_detections_to_rects_calculator_detections_to_render_data_etc_93FD46FE_ios_min11.0.a" ReferencedContainer="container:FaceUnityFramework.xcodeproj"></BuildableReference>
            </BuildActionEntry>
            <BuildActionEntry buildForRunning="YES" buildForProfiling="YES" buildForArchiving="YES" buildForAnalyzing="YES" buildForTesting="YES">
                <BuildableReference BuildableName="lib_idx_to_image_calculator_association_norm_rect_calculator_collection_has_min_size_calculator_constant_side_packet_calculator_detections_to_rects_calculator_detections_to_render_data_etc_93FD46FE_ios_min15.5.a" ReferencedContainer="container:FaceUnityFramework.xcodeproj" BlueprintName="_idx_to_image_calculator_association_norm_rect_calculator_collection_has_min_size_calculator_constant_side_packet_calculator_detections_to_rects_calculator_detections_to_render_data_etc_93FD46FE_ios_min15.5" BuildableIdentifier="primary" BlueprintIdentifier="417D48A30CCBEE2200000000"></BuildableReference>
            </BuildActionEntry>
            <BuildActionEntry buildForAnalyzing="YES" buildForProfiling="YES" buildForArchiving="YES" buildForTesting="YES" buildForRunning="YES">
                <BuildableReference BuildableName="lib_idx_ref_gpuimagemath_9317A94E_ios_min11.0.a" ReferencedContainer="container:FaceUnityFramework.xcodeproj" BlueprintIdentifier="417D48A3E2CED38800000000" BuildableIdentifier="primary" BlueprintName="_idx_ref_gpuimagemath_9317A94E_ios_min11.0"></BuildableReference>
            </BuildActionEntry>
            <BuildActionEntry buildForTesting="YES" buildForArchiving="YES" buildForProfiling="YES" buildForAnalyzing="YES" buildForRunning="YES">
                <BuildableReference BuildableName="lib_idx_to_image_calculator_association_norm_rect_calculator_collection_has_min_size_calculator_constant_side_packet_calculator_detections_to_rects_calculator_detections_to_render_data_etc_93FD46FE_ios_min11.0.a" BlueprintName="_idx_to_image_calculator_association_norm_rect_calculator_collection_has_min_size_calculator_constant_side_packet_calculator_detections_to_rects_calculator_detections_to_render_data_etc_93FD46FE_ios_min11.0" BlueprintIdentifier="417D48A3E485176400000000" ReferencedContainer="container:FaceUnityFramework.xcodeproj" BuildableIdentifier="primary"></BuildableReference>
            </BuildActionEntry>
            <BuildActionEntry buildForAnalyzing="YES" buildForArchiving="YES" buildForTesting="YES" buildForRunning="YES" buildForProfiling="YES">
                <BuildableReference BuildableIdentifier="primary" BlueprintName="_idx_transform_tensor_bilinear_landmarks_to_transform_matrix_transform_landmarks_D9057B53_ios_min11.0" BuildableName="lib_idx_transform_tensor_bilinear_landmarks_to_transform_matrix_transform_landmarks_D9057B53_ios_min11.0.a" BlueprintIdentifier="417D48A34464C97C00000000" ReferencedContainer="container:FaceUnityFramework.xcodeproj"></BuildableReference>
            </BuildActionEntry>
            <BuildActionEntry buildForArchiving="YES" buildForRunning="YES" buildForTesting="YES" buildForAnalyzing="YES" buildForProfiling="YES">
                <BuildableReference ReferencedContainer="container:FaceUnityFramework.xcodeproj" BlueprintIdentifier="417D48A3F175FE9200000000" BuildableName="lib_idx_gpuimageutil_1E0253A1_ios_min15.5.a" BuildableIdentifier="primary" BlueprintName="_idx_gpuimageutil_1E0253A1_ios_min15.5"></BuildableReference>
            </BuildActionEntry>
            <BuildActionEntry buildForTesting="YES" buildForRunning="YES" buildForProfiling="YES" buildForArchiving="YES" buildForAnalyzing="YES">
                <BuildableReference BlueprintName="_idx_to_image_calculator_association_norm_rect_calculator_collection_has_min_size_calculator_constant_side_packet_calculator_detections_to_rects_calculator_detections_to_render_data_etc_93FD46FE_ios_min15.5" BlueprintIdentifier="417D48A30CCBEE2200000000" BuildableName="lib_idx_to_image_calculator_association_norm_rect_calculator_collection_has_min_size_calculator_constant_side_packet_calculator_detections_to_rects_calculator_detections_to_render_data_etc_93FD46FE_ios_min15.5.a" BuildableIdentifier="primary" ReferencedContainer="container:FaceUnityFramework.xcodeproj"></BuildableReference>
            </BuildActionEntry>
            <BuildActionEntry buildForAnalyzing="YES" buildForRunning="YES" buildForArchiving="YES" buildForProfiling="YES" buildForTesting="YES">
                <BuildableReference BuildableName="lib_idx_util_868C0B0E_ios_min15.5.a" BuildableIdentifier="primary" ReferencedContainer="container:FaceUnityFramework.xcodeproj" BlueprintName="_idx_util_868C0B0E_ios_min15.5" BlueprintIdentifier="417D48A39A4FB45200000000"></BuildableReference>
            </BuildActionEntry>
            <BuildActionEntry buildForArchiving="YES" buildForAnalyzing="YES" buildForRunning="YES" buildForProfiling="YES" buildForTesting="YES">
                <BuildableReference BlueprintName="_idx_core_core-ios_604A8CB0_ios_min15.5" BlueprintIdentifier="417D48A381B9216000000000" BuildableName="lib_idx_core_core-ios_604A8CB0_ios_min15.5.a" BuildableIdentifier="primary" ReferencedContainer="container:FaceUnityFramework.xcodeproj"></BuildableReference>
            </BuildActionEntry>
            <BuildActionEntry buildForArchiving="YES" buildForAnalyzing="YES" buildForProfiling="YES" buildForRunning="YES" buildForTesting="YES">
                <BuildableReference BuildableIdentifier="primary" ReferencedContainer="container:FaceUnityFramework.xcodeproj" BuildableName="lib_idx_to_image_calculator_association_norm_rect_calculator_collection_has_min_size_calculator_constant_side_packet_calculator_detections_to_rects_calculator_detections_to_render_data_etc_93FD46FE_ios_min11.0.a" BlueprintName="_idx_to_image_calculator_association_norm_rect_calculator_collection_has_min_size_calculator_constant_side_packet_calculator_detections_to_rects_calculator_detections_to_render_data_etc_93FD46FE_ios_min11.0" BlueprintIdentifier="417D48A3E485176400000000"></BuildableReference>
            </BuildActionEntry>
            <BuildActionEntry buildForArchiving="YES" buildForProfiling="YES" buildForRunning="YES" buildForAnalyzing="YES" buildForTesting="YES">
                <BuildableReference BuildableName="lib_idx_segmentation_smoothing_calculator_non_max_suppression_calculator_7C4CE669_ios_min15.5.a" ReferencedContainer="container:FaceUnityFramework.xcodeproj" BlueprintName="_idx_segmentation_smoothing_calculator_non_max_suppression_calculator_7C4CE669_ios_min15.5" BlueprintIdentifier="417D48A3681856BC00000000" BuildableIdentifier="primary"></BuildableReference>
            </BuildActionEntry>
            <BuildActionEntry buildForRunning="YES" buildForTesting="YES" buildForArchiving="YES" buildForAnalyzing="YES" buildForProfiling="YES">
                <BuildableReference BuildableName="lib_idx_mediapipe_framework_ios_6D5EF268_ios_min15.5.a" BlueprintIdentifier="417D48A34C64886400000000" BuildableIdentifier="primary" BlueprintName="_idx_mediapipe_framework_ios_6D5EF268_ios_min15.5" ReferencedContainer="container:FaceUnityFramework.xcodeproj"></BuildableReference>
            </BuildActionEntry>
            <BuildActionEntry buildForProfiling="YES" buildForArchiving="YES" buildForAnalyzing="YES" buildForRunning="YES" buildForTesting="YES">
                <BuildableReference ReferencedContainer="container:FaceUnityFramework.xcodeproj" BlueprintName="_idx_to_image_calculator_association_norm_rect_calculator_collection_has_min_size_calculator_constant_side_packet_calculator_detections_to_rects_calculator_detections_to_render_data_etc_93FD46FE_ios_min11.0" BlueprintIdentifier="417D48A3E485176400000000" BuildableIdentifier="primary" BuildableName="lib_idx_to_image_calculator_association_norm_rect_calculator_collection_has_min_size_calculator_constant_side_packet_calculator_detections_to_rects_calculator_detections_to_render_data_etc_93FD46FE_ios_min11.0.a"></BuildableReference>
            </BuildActionEntry>
            <BuildActionEntry buildForAnalyzing="YES" buildForRunning="YES" buildForArchiving="YES" buildForProfiling="YES" buildForTesting="YES">
                <BuildableReference ReferencedContainer="container:FaceUnityFramework.xcodeproj" BuildableIdentifier="primary" BlueprintIdentifier="417D48A3E485176400000000" BlueprintName="_idx_to_image_calculator_association_norm_rect_calculator_collection_has_min_size_calculator_constant_side_packet_calculator_detections_to_rects_calculator_detections_to_render_data_etc_93FD46FE_ios_min11.0" BuildableName="lib_idx_to_image_calculator_association_norm_rect_calculator_collection_has_min_size_calculator_constant_side_packet_calculator_detections_to_rects_calculator_detections_to_render_data_etc_93FD46FE_ios_min11.0.a"></BuildableReference>
            </BuildActionEntry>
            <BuildActionEntry buildForAnalyzing="YES" buildForRunning="YES" buildForProfiling="YES" buildForArchiving="YES" buildForTesting="YES">
                <BuildableReference BlueprintIdentifier="417D48A3E485176400000000" BlueprintName="_idx_to_image_calculator_association_norm_rect_calculator_collection_has_min_size_calculator_constant_side_packet_calculator_detections_to_rects_calculator_detections_to_render_data_etc_93FD46FE_ios_min11.0" BuildableName="lib_idx_to_image_calculator_association_norm_rect_calculator_collection_has_min_size_calculator_constant_side_packet_calculator_detections_to_rects_calculator_detections_to_render_data_etc_93FD46FE_ios_min11.0.a" ReferencedContainer="container:FaceUnityFramework.xcodeproj" BuildableIdentifier="primary"></BuildableReference>
            </BuildActionEntry>
            <BuildActionEntry buildForProfiling="YES" buildForRunning="YES" buildForAnalyzing="YES" buildForArchiving="YES" buildForTesting="YES">
                <BuildableReference BuildableName="lib_idx_to_image_calculator_association_norm_rect_calculator_collection_has_min_size_calculator_constant_side_packet_calculator_detections_to_rects_calculator_detections_to_render_data_etc_93FD46FE_ios_min11.0.a" ReferencedContainer="container:FaceUnityFramework.xcodeproj" BlueprintName="_idx_to_image_calculator_association_norm_rect_calculator_collection_has_min_size_calculator_constant_side_packet_calculator_detections_to_rects_calculator_detections_to_render_data_etc_93FD46FE_ios_min11.0" BlueprintIdentifier="417D48A3E485176400000000" BuildableIdentifier="primary"></BuildableReference>
            </BuildActionEntry>
            <BuildActionEntry buildForAnalyzing="YES" buildForTesting="YES" buildForRunning="YES" buildForArchiving="YES" buildForProfiling="YES">
                <BuildableReference ReferencedContainer="container:FaceUnityFramework.xcodeproj" BlueprintIdentifier="417D48A30CCBEE2200000000" BuildableIdentifier="primary" BlueprintName="_idx_to_image_calculator_association_norm_rect_calculator_collection_has_min_size_calculator_constant_side_packet_calculator_detections_to_rects_calculator_detections_to_render_data_etc_93FD46FE_ios_min15.5" BuildableName="lib_idx_to_image_calculator_association_norm_rect_calculator_collection_has_min_size_calculator_constant_side_packet_calculator_detections_to_rects_calculator_detections_to_render_data_etc_93FD46FE_ios_min15.5.a"></BuildableReference>
            </BuildActionEntry>
            <BuildActionEntry buildForArchiving="YES" buildForAnalyzing="YES" buildForTesting="YES" buildForRunning="YES" buildForProfiling="YES">
                <BuildableReference BlueprintIdentifier="417D48A30CCBEE2200000000" BlueprintName="_idx_to_image_calculator_association_norm_rect_calculator_collection_has_min_size_calculator_constant_side_packet_calculator_detections_to_rects_calculator_detections_to_render_data_etc_93FD46FE_ios_min15.5" ReferencedContainer="container:FaceUnityFramework.xcodeproj" BuildableIdentifier="primary" BuildableName="lib_idx_to_image_calculator_association_norm_rect_calculator_collection_has_min_size_calculator_constant_side_packet_calculator_detections_to_rects_calculator_detections_to_render_data_etc_93FD46FE_ios_min15.5.a"></BuildableReference>
            </BuildActionEntry>
            <BuildActionEntry buildForRunning="YES" buildForProfiling="YES" buildForArchiving="YES" buildForAnalyzing="YES" buildForTesting="YES">
                <BuildableReference BuildableName="lib_idx_transform_tensor_bilinear_landmarks_to_transform_matrix_transform_landmarks_D9057B53_ios_min15.5.a" BlueprintIdentifier="417D48A34052F06600000000" BuildableIdentifier="primary" BlueprintName="_idx_transform_tensor_bilinear_landmarks_to_transform_matrix_transform_landmarks_D9057B53_ios_min15.5" ReferencedContainer="container:FaceUnityFramework.xcodeproj"></BuildableReference>
            </BuildActionEntry>
            <BuildActionEntry buildForProfiling="YES" buildForTesting="YES" buildForRunning="YES" buildForAnalyzing="YES" buildForArchiving="YES">
                <BuildableReference BlueprintIdentifier="417D48A3D17189C400000000" ReferencedContainer="container:FaceUnityFramework.xcodeproj" BuildableIdentifier="primary" BlueprintName="_idx_rectangle_util_callback_packet_calculator_BBA3DABB_ios_min15.5" BuildableName="lib_idx_rectangle_util_callback_packet_calculator_BBA3DABB_ios_min15.5.a"></BuildableReference>
            </BuildActionEntry>
            <BuildActionEntry buildForRunning="YES" buildForArchiving="YES" buildForTesting="YES" buildForProfiling="YES" buildForAnalyzing="YES">
                <BuildableReference BuildableIdentifier="primary" BuildableName="lib_idx_clip_vector_size_calculator_12F3A386_ios_min11.0.a" BlueprintIdentifier="417D48A3EC9C862400000000" BlueprintName="_idx_clip_vector_size_calculator_12F3A386_ios_min11.0" ReferencedContainer="container:FaceUnityFramework.xcodeproj"></BuildableReference>
            </BuildActionEntry>
            <BuildActionEntry buildForAnalyzing="YES" buildForProfiling="YES" buildForTesting="YES" buildForArchiving="YES" buildForRunning="YES">
                <BuildableReference ReferencedContainer="container:FaceUnityFramework.xcodeproj" BlueprintName="_idx_previous_loopback_calculator_header_util_98F64214_ios_min15.5" BuildableIdentifier="primary" BlueprintIdentifier="417D48A30BC7B9B200000000" BuildableName="lib_idx_previous_loopback_calculator_header_util_98F64214_ios_min15.5.a"></BuildableReference>
            </BuildActionEntry>
            <BuildActionEntry buildForProfiling="YES" buildForArchiving="YES" buildForTesting="YES" buildForAnalyzing="YES" buildForRunning="YES">
                <BuildableReference BlueprintName="_idx_annotation_renderer_D3908DC2_ios_min11.0" BuildableIdentifier="primary" BuildableName="lib_idx_annotation_renderer_D3908DC2_ios_min11.0.a" ReferencedContainer="container:FaceUnityFramework.xcodeproj" BlueprintIdentifier="417D48A390EE8B1800000000"></BuildableReference>
            </BuildActionEntry>
            <BuildActionEntry buildForArchiving="YES" buildForRunning="YES" buildForProfiling="YES" buildForAnalyzing="YES" buildForTesting="YES">
                <BuildableReference BuildableName="lib_idx_previous_loopback_calculator_header_util_98F64214_ios_min15.5.a" ReferencedContainer="container:FaceUnityFramework.xcodeproj" BuildableIdentifier="primary" BlueprintName="_idx_previous_loopback_calculator_header_util_98F64214_ios_min15.5" BlueprintIdentifier="417D48A30BC7B9B200000000"></BuildableReference>
            </BuildActionEntry>
            <BuildActionEntry buildForTesting="YES" buildForRunning="YES" buildForArchiving="YES" buildForAnalyzing="YES" buildForProfiling="YES">
                <BuildableReference BuildableName="lib_idx_transform_tensor_bilinear_landmarks_to_transform_matrix_transform_landmarks_D9057B53_ios_min15.5.a" ReferencedContainer="container:FaceUnityFramework.xcodeproj" BuildableIdentifier="primary" BlueprintName="_idx_transform_tensor_bilinear_landmarks_to_transform_matrix_transform_landmarks_D9057B53_ios_min15.5" BlueprintIdentifier="417D48A34052F06600000000"></BuildableReference>
            </BuildActionEntry>
            <BuildActionEntry buildForProfiling="YES" buildForAnalyzing="YES" buildForTesting="YES" buildForRunning="YES" buildForArchiving="YES">
                <BuildableReference BuildableIdentifier="primary" BlueprintName="_idx_OlaFaceUnityLibrary_FaceMeshGPULibrary_93661737_ios_min11.0" BlueprintIdentifier="417D48A3068C647A00000000" ReferencedContainer="container:FaceUnityFramework.xcodeproj" BuildableName="lib_idx_OlaFaceUnityLibrary_FaceMeshGPULibrary_93661737_ios_min11.0.a"></BuildableReference>
            </BuildActionEntry>
            <BuildActionEntry buildForTesting="YES" buildForRunning="YES" buildForArchiving="YES" buildForAnalyzing="YES" buildForProfiling="YES">
                <BuildableReference ReferencedContainer="container:FaceUnityFramework.xcodeproj" BuildableName="lib_idx_to_image_calculator_association_norm_rect_calculator_collection_has_min_size_calculator_constant_side_packet_calculator_detections_to_rects_calculator_detections_to_render_data_etc_93FD46FE_ios_min11.0.a" BlueprintIdentifier="417D48A3E485176400000000" BlueprintName="_idx_to_image_calculator_association_norm_rect_calculator_collection_has_min_size_calculator_constant_side_packet_calculator_detections_to_rects_calculator_detections_to_render_data_etc_93FD46FE_ios_min11.0" BuildableIdentifier="primary"></BuildableReference>
            </BuildActionEntry>
            <BuildActionEntry buildForAnalyzing="YES" buildForTesting="YES" buildForRunning="YES" buildForArchiving="YES" buildForProfiling="YES">
                <BuildableReference ReferencedContainer="container:FaceUnityFramework.xcodeproj" BuildableName="lib_idx_mediapipe_framework_ios_6D5EF268_ios_min11.0.a" BlueprintIdentifier="417D48A3F4BE23AA00000000" BuildableIdentifier="primary" BlueprintName="_idx_mediapipe_framework_ios_6D5EF268_ios_min11.0"></BuildableReference>
            </BuildActionEntry>
            <BuildActionEntry buildForRunning="YES" buildForTesting="YES" buildForProfiling="YES" buildForArchiving="YES" buildForAnalyzing="YES">
                <BuildableReference BlueprintIdentifier="417D48A3BB6D2C1C00000000" BlueprintName="_idx_segmentation_smoothing_calculator_non_max_suppression_calculator_7C4CE669_ios_min11.0" ReferencedContainer="container:FaceUnityFramework.xcodeproj" BuildableName="lib_idx_segmentation_smoothing_calculator_non_max_suppression_calculator_7C4CE669_ios_min11.0.a" BuildableIdentifier="primary"></BuildableReference>
            </BuildActionEntry>
            <BuildActionEntry buildForRunning="YES" buildForAnalyzing="YES" buildForTesting="YES" buildForArchiving="YES" buildForProfiling="YES">
                <BuildableReference BuildableName="lib_idx_max_unpooling_max_pool_argmax_85BC2FB6_ios_min11.0.a" BlueprintName="_idx_max_unpooling_max_pool_argmax_85BC2FB6_ios_min11.0" BuildableIdentifier="primary" BlueprintIdentifier="417D48A3126F416400000000" ReferencedContainer="container:FaceUnityFramework.xcodeproj"></BuildableReference>
            </BuildActionEntry>
            <BuildActionEntry buildForTesting="YES" buildForRunning="YES" buildForProfiling="YES" buildForAnalyzing="YES" buildForArchiving="YES">
                <BuildableReference BlueprintName="_idx_to_image_calculator_association_norm_rect_calculator_collection_has_min_size_calculator_constant_side_packet_calculator_detections_to_rects_calculator_detections_to_render_data_etc_93FD46FE_ios_min15.5" ReferencedContainer="container:FaceUnityFramework.xcodeproj" BuildableIdentifier="primary" BlueprintIdentifier="417D48A30CCBEE2200000000" BuildableName="lib_idx_to_image_calculator_association_norm_rect_calculator_collection_has_min_size_calculator_constant_side_packet_calculator_detections_to_rects_calculator_detections_to_render_data_etc_93FD46FE_ios_min15.5.a"></BuildableReference>
            </BuildActionEntry>
            <BuildActionEntry buildForProfiling="YES" buildForRunning="YES" buildForAnalyzing="YES" buildForTesting="YES" buildForArchiving="YES">
                <BuildableReference BuildableIdentifier="primary" BlueprintName="_idx_core_core-ios_604A8CB0_ios_min11.0" BuildableName="lib_idx_core_core-ios_604A8CB0_ios_min11.0.a" BlueprintIdentifier="417D48A32B7EF91000000000" ReferencedContainer="container:FaceUnityFramework.xcodeproj"></BuildableReference>
            </BuildActionEntry>
            <BuildActionEntry buildForArchiving="YES" buildForRunning="YES" buildForAnalyzing="YES" buildForTesting="YES" buildForProfiling="YES">
                <BuildableReference BlueprintName="_idx_to_image_calculator_association_norm_rect_calculator_collection_has_min_size_calculator_constant_side_packet_calculator_detections_to_rects_calculator_detections_to_render_data_etc_93FD46FE_ios_min15.5" ReferencedContainer="container:FaceUnityFramework.xcodeproj" BuildableName="lib_idx_to_image_calculator_association_norm_rect_calculator_collection_has_min_size_calculator_constant_side_packet_calculator_detections_to_rects_calculator_detections_to_render_data_etc_93FD46FE_ios_min15.5.a" BuildableIdentifier="primary" BlueprintIdentifier="417D48A30CCBEE2200000000"></BuildableReference>
            </BuildActionEntry>
            <BuildActionEntry buildForRunning="YES" buildForProfiling="YES" buildForAnalyzing="YES" buildForTesting="YES" buildForArchiving="YES">
                <BuildableReference BlueprintIdentifier="417D48A3D17189C400000000" BuildableIdentifier="primary" BuildableName="lib_idx_rectangle_util_callback_packet_calculator_BBA3DABB_ios_min15.5.a" BlueprintName="_idx_rectangle_util_callback_packet_calculator_BBA3DABB_ios_min15.5" ReferencedContainer="container:FaceUnityFramework.xcodeproj"></BuildableReference>
            </BuildActionEntry>
            <BuildActionEntry buildForRunning="YES" buildForProfiling="YES" buildForArchiving="YES" buildForAnalyzing="YES" buildForTesting="YES">
                <BuildableReference ReferencedContainer="container:FaceUnityFramework.xcodeproj" BuildableName="lib_idx_OlaFaceUnityLibrary_FaceMeshGPULibrary_93661737_ios_min11.0.a" BlueprintName="_idx_OlaFaceUnityLibrary_FaceMeshGPULibrary_93661737_ios_min11.0" BlueprintIdentifier="417D48A3068C647A00000000" BuildableIdentifier="primary"></BuildableReference>
            </BuildActionEntry>
            <BuildActionEntry buildForArchiving="YES" buildForAnalyzing="YES" buildForTesting="YES" buildForRunning="YES" buildForProfiling="YES">
                <BuildableReference BlueprintName="_idx_to_image_calculator_association_norm_rect_calculator_collection_has_min_size_calculator_constant_side_packet_calculator_detections_to_rects_calculator_detections_to_render_data_etc_93FD46FE_ios_min11.0" BuildableIdentifier="primary" BuildableName="lib_idx_to_image_calculator_association_norm_rect_calculator_collection_has_min_size_calculator_constant_side_packet_calculator_detections_to_rects_calculator_detections_to_render_data_etc_93FD46FE_ios_min11.0.a" ReferencedContainer="container:FaceUnityFramework.xcodeproj" BlueprintIdentifier="417D48A3E485176400000000"></BuildableReference>
            </BuildActionEntry>
            <BuildActionEntry buildForRunning="YES" buildForProfiling="YES" buildForArchiving="YES" buildForAnalyzing="YES" buildForTesting="YES">
                <BuildableReference BlueprintName="_idx_rectangle_util_callback_packet_calculator_BBA3DABB_ios_min11.0" ReferencedContainer="container:FaceUnityFramework.xcodeproj" BuildableName="lib_idx_rectangle_util_callback_packet_calculator_BBA3DABB_ios_min11.0.a" BuildableIdentifier="primary" BlueprintIdentifier="417D48A39EFFF76200000000"></BuildableReference>
            </BuildActionEntry>
            <BuildActionEntry buildForAnalyzing="YES" buildForTesting="YES" buildForArchiving="YES" buildForRunning="YES" buildForProfiling="YES">
                <BuildableReference BlueprintIdentifier="417D48A32B7EF91000000000" BuildableName="lib_idx_core_core-ios_604A8CB0_ios_min11.0.a" BlueprintName="_idx_core_core-ios_604A8CB0_ios_min11.0" ReferencedContainer="container:FaceUnityFramework.xcodeproj" BuildableIdentifier="primary"></BuildableReference>
            </BuildActionEntry>
            <BuildActionEntry buildForProfiling="YES" buildForTesting="YES" buildForRunning="YES" buildForAnalyzing="YES" buildForArchiving="YES">
                <BuildableReference ReferencedContainer="container:FaceUnityFramework.xcodeproj" BuildableIdentifier="primary" BlueprintIdentifier="417D48A306F1731C00000000" BuildableName="lib_idx_previous_loopback_calculator_header_util_98F64214_ios_min11.0.a" BlueprintName="_idx_previous_loopback_calculator_header_util_98F64214_ios_min11.0"></BuildableReference>
            </BuildActionEntry>
            <BuildActionEntry buildForAnalyzing="YES" buildForTesting="YES" buildForRunning="YES" buildForArchiving="YES" buildForProfiling="YES">
                <BuildableReference ReferencedContainer="container:FaceUnityFramework.xcodeproj" BlueprintIdentifier="417D48A3B980DC9800000000" BlueprintName="_idx_gpuimageutil_1E0253A1_ios_min11.0" BuildableIdentifier="primary" BuildableName="lib_idx_gpuimageutil_1E0253A1_ios_min11.0.a"></BuildableReference>
            </BuildActionEntry>
            <BuildActionEntry buildForRunning="YES" buildForAnalyzing="YES" buildForTesting="YES" buildForProfiling="YES" buildForArchiving="YES">
                <BuildableReference BlueprintIdentifier="417D48A34052F06600000000" ReferencedContainer="container:FaceUnityFramework.xcodeproj" BuildableName="lib_idx_transform_tensor_bilinear_landmarks_to_transform_matrix_transform_landmarks_D9057B53_ios_min15.5.a" BuildableIdentifier="primary" BlueprintName="_idx_transform_tensor_bilinear_landmarks_to_transform_matrix_transform_landmarks_D9057B53_ios_min15.5"></BuildableReference>
            </BuildActionEntry>
            <BuildActionEntry buildForTesting="YES" buildForAnalyzing="YES" buildForRunning="YES" buildForProfiling="YES" buildForArchiving="YES">
                <BuildableReference BlueprintName="_idx_ref_gpuimagemath_9317A94E_ios_min15.5" BuildableIdentifier="primary" BuildableName="lib_idx_ref_gpuimagemath_9317A94E_ios_min15.5.a" ReferencedContainer="container:FaceUnityFramework.xcodeproj" BlueprintIdentifier="417D48A3158CE27600000000"></BuildableReference>
            </BuildActionEntry>
            <BuildActionEntry buildForRunning="YES" buildForTesting="YES" buildForArchiving="YES" buildForAnalyzing="YES" buildForProfiling="YES">
                <BuildableReference BuildableName="lib_idx_image_properties_calculator_D1019039_ios_min15.5.a" BuildableIdentifier="primary" BlueprintName="_idx_image_properties_calculator_D1019039_ios_min15.5" BlueprintIdentifier="417D48A3A4E81A9800000000" ReferencedContainer="container:FaceUnityFramework.xcodeproj"></BuildableReference>
            </BuildActionEntry>
            <BuildActionEntry buildForProfiling="YES" buildForAnalyzing="YES" buildForArchiving="YES" buildForTesting="YES" buildForRunning="YES">
                <BuildableReference BlueprintName="_idx_resource_util_C1CAA1F2_ios_min11.0" ReferencedContainer="container:FaceUnityFramework.xcodeproj" BlueprintIdentifier="417D48A3EBE5A0AC00000000" BuildableIdentifier="primary" BuildableName="lib_idx_resource_util_C1CAA1F2_ios_min11.0.a"></BuildableReference>
            </BuildActionEntry>
            <BuildActionEntry buildForArchiving="YES" buildForAnalyzing="YES" buildForRunning="YES" buildForTesting="YES" buildForProfiling="YES">
                <BuildableReference BlueprintIdentifier="417D48A3E485176400000000" BlueprintName="_idx_to_image_calculator_association_norm_rect_calculator_collection_has_min_size_calculator_constant_side_packet_calculator_detections_to_rects_calculator_detections_to_render_data_etc_93FD46FE_ios_min11.0" ReferencedContainer="container:FaceUnityFramework.xcodeproj" BuildableIdentifier="primary" BuildableName="lib_idx_to_image_calculator_association_norm_rect_calculator_collection_has_min_size_calculator_constant_side_packet_calculator_detections_to_rects_calculator_detections_to_render_data_etc_93FD46FE_ios_min11.0.a"></BuildableReference>
            </BuildActionEntry>
            <BuildActionEntry buildForProfiling="YES" buildForAnalyzing="YES" buildForTesting="YES" buildForArchiving="YES" buildForRunning="YES">
                <BuildableReference BlueprintIdentifier="417D48A30BC7B9B200000000" BlueprintName="_idx_previous_loopback_calculator_header_util_98F64214_ios_min15.5" ReferencedContainer="container:FaceUnityFramework.xcodeproj" BuildableName="lib_idx_previous_loopback_calculator_header_util_98F64214_ios_min15.5.a" BuildableIdentifier="primary"></BuildableReference>
            </BuildActionEntry>
            <BuildActionEntry buildForRunning="YES" buildForAnalyzing="YES" buildForTesting="YES" buildForProfiling="YES" buildForArchiving="YES">
                <BuildableReference BuildableIdentifier="primary" ReferencedContainer="container:FaceUnityFramework.xcodeproj" BlueprintName="_idx_cpu_op_resolver_B0A1CA1E_ios_min15.5" BuildableName="lib_idx_cpu_op_resolver_B0A1CA1E_ios_min15.5.a" BlueprintIdentifier="417D48A33A2367FE00000000"></BuildableReference>
            </BuildActionEntry>
            <BuildActionEntry buildForAnalyzing="YES" buildForRunning="YES" buildForTesting="YES" buildForProfiling="YES" buildForArchiving="YES">
                <BuildableReference BuildableName="lib_idx_BeautyFilters_FF7B3CA6_ios_min11.0.a" BlueprintIdentifier="417D48A31F9008DE00000000" ReferencedContainer="container:FaceUnityFramework.xcodeproj" BuildableIdentifier="primary" BlueprintName="_idx_BeautyFilters_FF7B3CA6_ios_min11.0"></BuildableReference>
            </BuildActionEntry>
            <BuildActionEntry buildForRunning="YES" buildForProfiling="YES" buildForTesting="YES" buildForAnalyzing="YES" buildForArchiving="YES">
                <BuildableReference ReferencedContainer="container:FaceUnityFramework.xcodeproj" BuildableName="lib_idx_begin_loop_calculator_90AAF4FD_ios_min11.0.a" BuildableIdentifier="primary" BlueprintIdentifier="417D48A346C6FC2C00000000" BlueprintName="_idx_begin_loop_calculator_90AAF4FD_ios_min11.0"></BuildableReference>
            </BuildActionEntry>
            <BuildActionEntry buildForArchiving="YES" buildForProfiling="YES" buildForRunning="YES" buildForAnalyzing="YES" buildForTesting="YES">
                <BuildableReference BuildableIdentifier="primary" BlueprintName="_idx_to_image_calculator_association_norm_rect_calculator_collection_has_min_size_calculator_constant_side_packet_calculator_detections_to_rects_calculator_detections_to_render_data_etc_93FD46FE_ios_min11.0" BuildableName="lib_idx_to_image_calculator_association_norm_rect_calculator_collection_has_min_size_calculator_constant_side_packet_calculator_detections_to_rects_calculator_detections_to_render_data_etc_93FD46FE_ios_min11.0.a" ReferencedContainer="container:FaceUnityFramework.xcodeproj" BlueprintIdentifier="417D48A3E485176400000000"></BuildableReference>
            </BuildActionEntry>
            <BuildActionEntry buildForAnalyzing="YES" buildForTesting="YES" buildForArchiving="YES" buildForRunning="YES" buildForProfiling="YES">
                <BuildableReference ReferencedContainer="container:FaceUnityFramework.xcodeproj" BlueprintName="_idx_segmentation_smoothing_calculator_non_max_suppression_calculator_7C4CE669_ios_min11.0" BuildableIdentifier="primary" BuildableName="lib_idx_segmentation_smoothing_calculator_non_max_suppression_calculator_7C4CE669_ios_min11.0.a" BlueprintIdentifier="417D48A3BB6D2C1C00000000"></BuildableReference>
            </BuildActionEntry>
            <BuildActionEntry buildForTesting="YES" buildForAnalyzing="YES" buildForRunning="YES" buildForProfiling="YES" buildForArchiving="YES">
                <BuildableReference ReferencedContainer="container:FaceUnityFramework.xcodeproj" BuildableName="lib_idx_segmentation_smoothing_calculator_non_max_suppression_calculator_7C4CE669_ios_min15.5.a" BlueprintName="_idx_segmentation_smoothing_calculator_non_max_suppression_calculator_7C4CE669_ios_min15.5" BlueprintIdentifier="417D48A3681856BC00000000" BuildableIdentifier="primary"></BuildableReference>
            </BuildActionEntry>
            <BuildActionEntry buildForProfiling="YES" buildForTesting="YES" buildForArchiving="YES" buildForAnalyzing="YES" buildForRunning="YES">
                <BuildableReference BlueprintIdentifier="417D48A3E485176400000000" BuildableName="lib_idx_to_image_calculator_association_norm_rect_calculator_collection_has_min_size_calculator_constant_side_packet_calculator_detections_to_rects_calculator_detections_to_render_data_etc_93FD46FE_ios_min11.0.a" BuildableIdentifier="primary" ReferencedContainer="container:FaceUnityFramework.xcodeproj" BlueprintName="_idx_to_image_calculator_association_norm_rect_calculator_collection_has_min_size_calculator_constant_side_packet_calculator_detections_to_rects_calculator_detections_to_render_data_etc_93FD46FE_ios_min11.0"></BuildableReference>
            </BuildActionEntry>
            <BuildActionEntry buildForArchiving="YES" buildForTesting="YES" buildForAnalyzing="YES" buildForRunning="YES" buildForProfiling="YES">
                <BuildableReference BlueprintIdentifier="417D48A38E057F5400000000" BuildableName="lib_idx_OlaFaceUnityLibrary_FaceMeshGPULibrary_93661737_ios_min15.5.a" BuildableIdentifier="primary" BlueprintName="_idx_OlaFaceUnityLibrary_FaceMeshGPULibrary_93661737_ios_min15.5" ReferencedContainer="container:FaceUnityFramework.xcodeproj"></BuildableReference>
            </BuildActionEntry>
            <BuildActionEntry buildForArchiving="YES" buildForProfiling="YES" buildForRunning="YES" buildForAnalyzing="YES" buildForTesting="YES">
                <BuildableReference BlueprintName="_idx_transform_tensor_bilinear_landmarks_to_transform_matrix_transform_landmarks_D9057B53_ios_min11.0" BuildableName="lib_idx_transform_tensor_bilinear_landmarks_to_transform_matrix_transform_landmarks_D9057B53_ios_min11.0.a" ReferencedContainer="container:FaceUnityFramework.xcodeproj" BuildableIdentifier="primary" BlueprintIdentifier="417D48A34464C97C00000000"></BuildableReference>
            </BuildActionEntry>
            <BuildActionEntry buildForProfiling="YES" buildForAnalyzing="YES" buildForRunning="YES" buildForTesting="YES" buildForArchiving="YES">
                <BuildableReference BuildableIdentifier="primary" ReferencedContainer="container:FaceUnityFramework.xcodeproj" BuildableName="lib_idx_OlaFaceUnityLibrary_FaceMeshGPULibrary_93661737_ios_min11.0.a" BlueprintIdentifier="417D48A3068C647A00000000" BlueprintName="_idx_OlaFaceUnityLibrary_FaceMeshGPULibrary_93661737_ios_min11.0"></BuildableReference>
            </BuildActionEntry>
            <BuildActionEntry buildForTesting="YES" buildForRunning="YES" buildForAnalyzing="YES" buildForProfiling="YES" buildForArchiving="YES">
                <BuildableReference BlueprintIdentifier="417D48A354AEA38200000000" BuildableIdentifier="primary" BuildableName="lib_idx_detection_projection_calculator_AC71D40F_ios_min15.5.a" BlueprintName="_idx_detection_projection_calculator_AC71D40F_ios_min15.5" ReferencedContainer="container:FaceUnityFramework.xcodeproj"></BuildableReference>
            </BuildActionEntry>
            <BuildActionEntry buildForTesting="YES" buildForRunning="YES" buildForArchiving="YES" buildForAnalyzing="YES" buildForProfiling="YES">
                <BuildableReference BuildableIdentifier="primary" BuildableName="lib_idx_transpose_conv_bias_3067A367_ios_min15.5.a" BlueprintIdentifier="417D48A3A3FC4B9E00000000" ReferencedContainer="container:FaceUnityFramework.xcodeproj" BlueprintName="_idx_transpose_conv_bias_3067A367_ios_min15.5"></BuildableReference>
            </BuildActionEntry>
            <BuildActionEntry buildForProfiling="YES" buildForTesting="YES" buildForArchiving="YES" buildForAnalyzing="YES" buildForRunning="YES">
                <BuildableReference BlueprintIdentifier="417D48A3D07E4E1200000000" BlueprintName="_idx_tflite_model_loader_D8BA3CC6_ios_min11.0" BuildableName="lib_idx_tflite_model_loader_D8BA3CC6_ios_min11.0.a" ReferencedContainer="container:FaceUnityFramework.xcodeproj" BuildableIdentifier="primary"></BuildableReference>
            </BuildActionEntry>
            <BuildActionEntry buildForArchiving="YES" buildForProfiling="YES" buildForRunning="YES" buildForTesting="YES" buildForAnalyzing="YES">
                <BuildableReference BuildableIdentifier="primary" BuildableName="lib_idx_ref_gpuimagemath_9317A94E_ios_min15.5.a" BlueprintName="_idx_ref_gpuimagemath_9317A94E_ios_min15.5" ReferencedContainer="container:FaceUnityFramework.xcodeproj" BlueprintIdentifier="417D48A3158CE27600000000"></BuildableReference>
            </BuildActionEntry>
            <BuildActionEntry buildForTesting="YES" buildForAnalyzing="YES" buildForRunning="YES" buildForProfiling="YES" buildForArchiving="YES">
                <BuildableReference BuildableIdentifier="primary" BuildableName="lib_idx_detection_projection_calculator_AC71D40F_ios_min11.0.a" ReferencedContainer="container:FaceUnityFramework.xcodeproj" BlueprintIdentifier="417D48A32A8ADCE800000000" BlueprintName="_idx_detection_projection_calculator_AC71D40F_ios_min11.0"></BuildableReference>
            </BuildActionEntry>
            <BuildActionEntry buildForAnalyzing="YES" buildForTesting="YES" buildForRunning="YES" buildForProfiling="YES" buildForArchiving="YES">
                <BuildableReference BlueprintIdentifier="417D48A3351FB22C00000000" BuildableIdentifier="primary" BuildableName="lib_idx_cpu_op_resolver_B0A1CA1E_ios_min11.0.a" BlueprintName="_idx_cpu_op_resolver_B0A1CA1E_ios_min11.0" ReferencedContainer="container:FaceUnityFramework.xcodeproj"></BuildableReference>
            </BuildActionEntry>
            <BuildActionEntry buildForRunning="YES" buildForAnalyzing="YES" buildForProfiling="YES" buildForTesting="YES" buildForArchiving="YES">
                <BuildableReference BuildableName="lib_idx_cpu_util_C2D4A348_ios_min11.0.a" BlueprintIdentifier="417D48A33F27AE8A00000000" BuildableIdentifier="primary" BlueprintName="_idx_cpu_util_C2D4A348_ios_min11.0" ReferencedContainer="container:FaceUnityFramework.xcodeproj"></BuildableReference>
            </BuildActionEntry>
            <BuildActionEntry buildForArchiving="YES" buildForTesting="YES" buildForAnalyzing="YES" buildForRunning="YES" buildForProfiling="YES">
                <BuildableReference BlueprintName="_idx_segmentation_smoothing_calculator_non_max_suppression_calculator_7C4CE669_ios_min11.0" BuildableName="lib_idx_segmentation_smoothing_calculator_non_max_suppression_calculator_7C4CE669_ios_min11.0.a" ReferencedContainer="container:FaceUnityFramework.xcodeproj" BuildableIdentifier="primary" BlueprintIdentifier="417D48A3BB6D2C1C00000000"></BuildableReference>
            </BuildActionEntry>
            <BuildActionEntry buildForProfiling="YES" buildForRunning="YES" buildForArchiving="YES" buildForTesting="YES" buildForAnalyzing="YES">
                <BuildableReference BuildableIdentifier="primary" BuildableName="lib_idx_segmentation_smoothing_calculator_non_max_suppression_calculator_7C4CE669_ios_min15.5.a" BlueprintName="_idx_segmentation_smoothing_calculator_non_max_suppression_calculator_7C4CE669_ios_min15.5" BlueprintIdentifier="417D48A3681856BC00000000" ReferencedContainer="container:FaceUnityFramework.xcodeproj"></BuildableReference>
            </BuildActionEntry>
            <BuildActionEntry buildForTesting="YES" buildForAnalyzing="YES" buildForRunning="YES" buildForProfiling="YES" buildForArchiving="YES">
                <BuildableReference ReferencedContainer="container:FaceUnityFramework.xcodeproj" BlueprintIdentifier="417D48A3E485176400000000" BlueprintName="_idx_to_image_calculator_association_norm_rect_calculator_collection_has_min_size_calculator_constant_side_packet_calculator_detections_to_rects_calculator_detections_to_render_data_etc_93FD46FE_ios_min11.0" BuildableName="lib_idx_to_image_calculator_association_norm_rect_calculator_collection_has_min_size_calculator_constant_side_packet_calculator_detections_to_rects_calculator_detections_to_render_data_etc_93FD46FE_ios_min11.0.a" BuildableIdentifier="primary"></BuildableReference>
            </BuildActionEntry>
            <BuildActionEntry buildForAnalyzing="YES" buildForTesting="YES" buildForProfiling="YES" buildForArchiving="YES" buildForRunning="YES">
                <BuildableReference BuildableName="lib_idx_olamodule_common_library_73224B20_ios_min15.5.a" BuildableIdentifier="primary" BlueprintIdentifier="417D48A3605488E800000000" BlueprintName="_idx_olamodule_common_library_73224B20_ios_min15.5" ReferencedContainer="container:FaceUnityFramework.xcodeproj"></BuildableReference>
            </BuildActionEntry>
            <BuildActionEntry buildForAnalyzing="YES" buildForProfiling="YES" buildForArchiving="YES" buildForTesting="YES" buildForRunning="YES">
                <BuildableReference BlueprintIdentifier="417D48A34464C97C00000000" BuildableIdentifier="primary" BlueprintName="_idx_transform_tensor_bilinear_landmarks_to_transform_matrix_transform_landmarks_D9057B53_ios_min11.0" BuildableName="lib_idx_transform_tensor_bilinear_landmarks_to_transform_matrix_transform_landmarks_D9057B53_ios_min11.0.a" ReferencedContainer="container:FaceUnityFramework.xcodeproj"></BuildableReference>
            </BuildActionEntry>
            <BuildActionEntry buildForAnalyzing="YES" buildForProfiling="YES" buildForArchiving="YES" buildForTesting="YES" buildForRunning="YES">
                <BuildableReference BlueprintIdentifier="417D48A3871ABF4400000000" ReferencedContainer="container:FaceUnityFramework.xcodeproj" BuildableIdentifier="primary" BlueprintName="_idx_resource_util_C1CAA1F2_ios_min15.5" BuildableName="lib_idx_resource_util_C1CAA1F2_ios_min15.5.a"></BuildableReference>
            </BuildActionEntry>
            <BuildActionEntry buildForArchiving="YES" buildForAnalyzing="YES" buildForRunning="YES" buildForTesting="YES" buildForProfiling="YES">
                <BuildableReference BlueprintIdentifier="417D48A39D607F7A00000000" ReferencedContainer="container:FaceUnityFramework.xcodeproj" BuildableIdentifier="primary" BlueprintName="_idx_max_unpooling_max_pool_argmax_85BC2FB6_ios_min15.5" BuildableName="lib_idx_max_unpooling_max_pool_argmax_85BC2FB6_ios_min15.5.a"></BuildableReference>
            </BuildActionEntry>
            <BuildActionEntry buildForTesting="YES" buildForRunning="YES" buildForAnalyzing="YES" buildForArchiving="YES" buildForProfiling="YES">
                <BuildableReference ReferencedContainer="container:FaceUnityFramework.xcodeproj" BuildableIdentifier="primary" BlueprintName="_idx_olamodule_common_library_73224B20_ios_min11.0" BlueprintIdentifier="417D48A3D7F864AA00000000" BuildableName="lib_idx_olamodule_common_library_73224B20_ios_min11.0.a"></BuildableReference>
            </BuildActionEntry>
            <BuildActionEntry buildForAnalyzing="YES" buildForProfiling="YES" buildForRunning="YES" buildForArchiving="YES" buildForTesting="YES">
                <BuildableReference BuildableIdentifier="primary" BlueprintIdentifier="417D48A30CCBEE2200000000" ReferencedContainer="container:FaceUnityFramework.xcodeproj" BuildableName="lib_idx_to_image_calculator_association_norm_rect_calculator_collection_has_min_size_calculator_constant_side_packet_calculator_detections_to_rects_calculator_detections_to_render_data_etc_93FD46FE_ios_min15.5.a" BlueprintName="_idx_to_image_calculator_association_norm_rect_calculator_collection_has_min_size_calculator_constant_side_packet_calculator_detections_to_rects_calculator_detections_to_render_data_etc_93FD46FE_ios_min15.5"></BuildableReference>
            </BuildActionEntry>
            <BuildActionEntry buildForRunning="YES" buildForTesting="YES" buildForProfiling="YES" buildForArchiving="YES" buildForAnalyzing="YES">
                <BuildableReference BuildableIdentifier="primary" BlueprintName="_idx_to_image_calculator_association_norm_rect_calculator_collection_has_min_size_calculator_constant_side_packet_calculator_detections_to_rects_calculator_detections_to_render_data_etc_93FD46FE_ios_min15.5" BlueprintIdentifier="417D48A30CCBEE2200000000" ReferencedContainer="container:FaceUnityFramework.xcodeproj" BuildableName="lib_idx_to_image_calculator_association_norm_rect_calculator_collection_has_min_size_calculator_constant_side_packet_calculator_detections_to_rects_calculator_detections_to_render_data_etc_93FD46FE_ios_min15.5.a"></BuildableReference>
            </BuildActionEntry>
            <BuildActionEntry buildForAnalyzing="YES" buildForProfiling="YES" buildForArchiving="YES" buildForTesting="YES" buildForRunning="YES">
                <BuildableReference BlueprintName="_idx_split_vector_calculator_69542939_ios_min11.0" BuildableName="lib_idx_split_vector_calculator_69542939_ios_min11.0.a" ReferencedContainer="container:FaceUnityFramework.xcodeproj" BlueprintIdentifier="417D48A33DB3ED6400000000" BuildableIdentifier="primary"></BuildableReference>
            </BuildActionEntry>
            <BuildActionEntry buildForAnalyzing="YES" buildForTesting="YES" buildForRunning="YES" buildForArchiving="YES" buildForProfiling="YES">
                <BuildableReference BuildableIdentifier="primary" BlueprintIdentifier="417D48A381B9216000000000" BuildableName="lib_idx_core_core-ios_604A8CB0_ios_min15.5.a" BlueprintName="_idx_core_core-ios_604A8CB0_ios_min15.5" ReferencedContainer="container:FaceUnityFramework.xcodeproj"></BuildableReference>
            </BuildActionEntry>
            <BuildActionEntry buildForRunning="YES" buildForArchiving="YES" buildForTesting="YES" buildForProfiling="YES" buildForAnalyzing="YES">
                <BuildableReference BuildableName="lib_idx_tflite_model_loader_D8BA3CC6_ios_min15.5.a" BuildableIdentifier="primary" ReferencedContainer="container:FaceUnityFramework.xcodeproj" BlueprintIdentifier="417D48A35213985400000000" BlueprintName="_idx_tflite_model_loader_D8BA3CC6_ios_min15.5"></BuildableReference>
            </BuildActionEntry>
            <BuildActionEntry buildForRunning="YES" buildForAnalyzing="YES" buildForProfiling="YES" buildForArchiving="YES" buildForTesting="YES">
                <BuildableReference BuildableIdentifier="primary" BuildableName="lib_idx_to_image_calculator_association_norm_rect_calculator_collection_has_min_size_calculator_constant_side_packet_calculator_detections_to_rects_calculator_detections_to_render_data_etc_93FD46FE_ios_min11.0.a" BlueprintIdentifier="417D48A3E485176400000000" BlueprintName="_idx_to_image_calculator_association_norm_rect_calculator_collection_has_min_size_calculator_constant_side_packet_calculator_detections_to_rects_calculator_detections_to_render_data_etc_93FD46FE_ios_min11.0" ReferencedContainer="container:FaceUnityFramework.xcodeproj"></BuildableReference>
            </BuildActionEntry>
            <BuildActionEntry buildForRunning="YES" buildForArchiving="YES" buildForAnalyzing="YES" buildForTesting="YES" buildForProfiling="YES">
                <BuildableReference BuildableIdentifier="primary" ReferencedContainer="container:FaceUnityFramework.xcodeproj" BlueprintName="_idx_util_868C0B0E_ios_min11.0" BlueprintIdentifier="417D48A36BC8230A00000000" BuildableName="lib_idx_util_868C0B0E_ios_min11.0.a"></BuildableReference>
            </BuildActionEntry>
            <BuildActionEntry buildForProfiling="YES" buildForAnalyzing="YES" buildForRunning="YES" buildForArchiving="YES" buildForTesting="YES">
                <BuildableReference BlueprintName="_idx_cpu_util_C2D4A348_ios_min15.5" ReferencedContainer="container:FaceUnityFramework.xcodeproj" BuildableIdentifier="primary" BlueprintIdentifier="417D48A34CE6373200000000" BuildableName="lib_idx_cpu_util_C2D4A348_ios_min15.5.a"></BuildableReference>
            </BuildActionEntry>
            <BuildActionEntry buildForProfiling="YES" buildForAnalyzing="YES" buildForRunning="YES" buildForArchiving="YES" buildForTesting="YES">
                <BuildableReference ReferencedContainer="container:FaceUnityFramework.xcodeproj" BuildableIdentifier="primary" BlueprintIdentifier="417D48A30CCBEE2200000000" BlueprintName="_idx_to_image_calculator_association_norm_rect_calculator_collection_has_min_size_calculator_constant_side_packet_calculator_detections_to_rects_calculator_detections_to_render_data_etc_93FD46FE_ios_min15.5" BuildableName="lib_idx_to_image_calculator_association_norm_rect_calculator_collection_has_min_size_calculator_constant_side_packet_calculator_detections_to_rects_calculator_detections_to_render_data_etc_93FD46FE_ios_min15.5.a"></BuildableReference>
            </BuildActionEntry>
            <BuildActionEntry buildForTesting="YES" buildForArchiving="YES" buildForRunning="YES" buildForProfiling="YES" buildForAnalyzing="YES">
                <BuildableReference BuildableIdentifier="primary" BuildableName="lib_idx_image_properties_calculator_D1019039_ios_min11.0.a" BlueprintIdentifier="417D48A30E0C664E00000000" BlueprintName="_idx_image_properties_calculator_D1019039_ios_min11.0" ReferencedContainer="container:FaceUnityFramework.xcodeproj"></BuildableReference>
            </BuildActionEntry>
            <BuildActionEntry buildForTesting="YES" buildForArchiving="YES" buildForProfiling="YES" buildForAnalyzing="YES" buildForRunning="YES">
                <BuildableReference BuildableName="lib_idx_to_image_calculator_association_norm_rect_calculator_collection_has_min_size_calculator_constant_side_packet_calculator_detections_to_rects_calculator_detections_to_render_data_etc_93FD46FE_ios_min15.5.a" BlueprintName="_idx_to_image_calculator_association_norm_rect_calculator_collection_has_min_size_calculator_constant_side_packet_calculator_detections_to_rects_calculator_detections_to_render_data_etc_93FD46FE_ios_min15.5" ReferencedContainer="container:FaceUnityFramework.xcodeproj" BlueprintIdentifier="417D48A30CCBEE2200000000" BuildableIdentifier="primary"></BuildableReference>
            </BuildActionEntry>
            <BuildActionEntry buildForRunning="YES" buildForTesting="YES" buildForAnalyzing="YES" buildForProfiling="YES" buildForArchiving="YES">
                <BuildableReference BlueprintName="_idx_math_5D9DF4A8_ios_min15.5" BuildableIdentifier="primary" ReferencedContainer="container:FaceUnityFramework.xcodeproj" BlueprintIdentifier="417D48A3BE5B59C400000000" BuildableName="lib_idx_math_5D9DF4A8_ios_min15.5.a"></BuildableReference>
            </BuildActionEntry>
            <BuildActionEntry buildForTesting="YES" buildForRunning="YES" buildForArchiving="YES" buildForAnalyzing="YES" buildForProfiling="YES">
                <BuildableReference BuildableIdentifier="primary" BuildableName="lib_idx_ref_gpuimagemath_9317A94E_ios_min11.0.a" BlueprintName="_idx_ref_gpuimagemath_9317A94E_ios_min11.0" ReferencedContainer="container:FaceUnityFramework.xcodeproj" BlueprintIdentifier="417D48A3E2CED38800000000"></BuildableReference>
            </BuildActionEntry>
            <BuildActionEntry buildForTesting="YES" buildForAnalyzing="YES" buildForProfiling="YES" buildForRunning="YES" buildForArchiving="YES">
                <BuildableReference BuildableIdentifier="primary" BlueprintIdentifier="417D48A3126F416400000000" BuildableName="lib_idx_max_unpooling_max_pool_argmax_85BC2FB6_ios_min11.0.a" BlueprintName="_idx_max_unpooling_max_pool_argmax_85BC2FB6_ios_min11.0" ReferencedContainer="container:FaceUnityFramework.xcodeproj"></BuildableReference>
            </BuildActionEntry>
            <BuildActionEntry buildForArchiving="YES" buildForTesting="YES" buildForAnalyzing="YES" buildForRunning="YES" buildForProfiling="YES">
                <BuildableReference BuildableIdentifier="primary" BuildableName="lib_idx_to_image_calculator_association_norm_rect_calculator_collection_has_min_size_calculator_constant_side_packet_calculator_detections_to_rects_calculator_detections_to_render_data_etc_93FD46FE_ios_min15.5.a" ReferencedContainer="container:FaceUnityFramework.xcodeproj" BlueprintIdentifier="417D48A30CCBEE2200000000" BlueprintName="_idx_to_image_calculator_association_norm_rect_calculator_collection_has_min_size_calculator_constant_side_packet_calculator_detections_to_rects_calculator_detections_to_render_data_etc_93FD46FE_ios_min15.5"></BuildableReference>
            </BuildActionEntry>
        </BuildActionEntries>
    </BuildAction>
    <TestAction shouldUseLaunchSchemeArgsEnv="YES" buildConfiguration="Debug" selectedLauncherIdentifier="Xcode.DebuggerFoundation.Launcher.LLDB" selectedDebuggerIdentifier="Xcode.DebuggerFoundation.Debugger.LLDB">
        <Testables></Testables>
    </TestAction>
    <LaunchAction buildConfiguration="Debug" launchStyle="0" ignoresPersistentStateOnLaunch="NO" allowLocationSimulation="YES" selectedDebuggerIdentifier="Xcode.DebuggerFoundation.Debugger.LLDB" debugDocumentVersioning="YES" useCustomWorkingDirectory="NO" selectedLauncherIdentifier="Xcode.DebuggerFoundation.Launcher.LLDB" debugServiceExtension="internal">
        <EnvironmentVariables></EnvironmentVariables>
    </LaunchAction>
    <ProfileAction buildConfiguration="Release" shouldUseLaunchSchemeArgsEnv="YES" useCustomWorkingDirectory="NO" debugDocumentVersioning="YES"></ProfileAction>
    <AnalyzeAction buildConfiguration="Debug"></AnalyzeAction>
    <ArchiveAction revealArchiveInOrganizer="YES" buildConfiguration="Release"></ArchiveAction>
</Scheme>