
<Scheme version="1.3" LastUpgradeVersion="1000">
    <BuildAction buildImplicitDependencies="YES" parallelizeBuildables="YES">
        <BuildActionEntries>
            <BuildActionEntry buildForAnalyzing="YES" buildForProfiling="YES" buildForRunning="YES" buildForArchiving="YES" buildForTesting="YES">
                <BuildableReference ReferencedContainer="container:FaceUnityFramework.xcodeproj" BuildableName="lib_idx_ref_gpuimagemath_E9A1E7C7_ios_min11.0.a" BlueprintName="_idx_ref_gpuimagemath_E9A1E7C7_ios_min11.0" BuildableIdentifier="primary" BlueprintIdentifier="44B9A5FB23B67CCC00000000"></BuildableReference>
            </BuildActionEntry>
            <BuildActionEntry buildForRunning="YES" buildForProfiling="YES" buildForArchiving="YES" buildForAnalyzing="YES" buildForTesting="YES">
                <BuildableReference BlueprintName="_idx_core_core-ios_D088DCE0_ios_min15.5" BuildableIdentifier="primary" BuildableName="lib_idx_core_core-ios_D088DCE0_ios_min15.5.a" BlueprintIdentifier="44B9A5FB25C0EABE00000000" ReferencedContainer="container:FaceUnityFramework.xcodeproj"></BuildableReference>
            </BuildActionEntry>
            <BuildActionEntry buildForRunning="YES" buildForArchiving="YES" buildForTesting="YES" buildForProfiling="YES" buildForAnalyzing="YES">
                <BuildableReference BuildableIdentifier="primary" BuildableName="lib_idx_math_199114BB_ios_min11.0.a" BlueprintName="_idx_math_199114BB_ios_min11.0" BlueprintIdentifier="44B9A5FBE033AA9800000000" ReferencedContainer="container:FaceUnityFramework.xcodeproj"></BuildableReference>
            </BuildActionEntry>
            <BuildActionEntry buildForAnalyzing="YES" buildForRunning="YES" buildForTesting="YES" buildForArchiving="YES" buildForProfiling="YES">
                <BuildableReference BlueprintIdentifier="44B9A5FBAA3CBCBA00000000" BlueprintName="_idx_olamodule_common_library_E071BFC9_ios_min15.5" BuildableName="lib_idx_olamodule_common_library_E071BFC9_ios_min15.5.a" ReferencedContainer="container:FaceUnityFramework.xcodeproj" BuildableIdentifier="primary"></BuildableReference>
            </BuildActionEntry>
            <BuildActionEntry buildForAnalyzing="YES" buildForProfiling="YES" buildForRunning="YES" buildForArchiving="YES" buildForTesting="YES">
                <BuildableReference BlueprintIdentifier="44B9A5FB23B67CCC00000000" BuildableIdentifier="primary" BlueprintName="_idx_ref_gpuimagemath_E9A1E7C7_ios_min11.0" BuildableName="lib_idx_ref_gpuimagemath_E9A1E7C7_ios_min11.0.a" ReferencedContainer="container:FaceUnityFramework.xcodeproj"></BuildableReference>
            </BuildActionEntry>
            <BuildActionEntry buildForArchiving="YES" buildForAnalyzing="YES" buildForTesting="YES" buildForRunning="YES" buildForProfiling="YES">
                <BuildableReference BlueprintName="_idx_OlaFaceUnityLibrary_FaceMeshGPULibrary_A6BBE4D0_ios_min11.0" BlueprintIdentifier="44B9A5FBBB6011D200000000" ReferencedContainer="container:FaceUnityFramework.xcodeproj" BuildableName="lib_idx_OlaFaceUnityLibrary_FaceMeshGPULibrary_A6BBE4D0_ios_min11.0.a" BuildableIdentifier="primary"></BuildableReference>
            </BuildActionEntry>
            <BuildActionEntry buildForArchiving="YES" buildForRunning="YES" buildForProfiling="YES" buildForAnalyzing="YES" buildForTesting="YES">
                <BuildableReference ReferencedContainer="container:FaceUnityFramework.xcodeproj" BlueprintName="_idx_math_199114BB_ios_min15.5" BuildableIdentifier="primary" BuildableName="lib_idx_math_199114BB_ios_min15.5.a" BlueprintIdentifier="44B9A5FB802EA1F000000000"></BuildableReference>
            </BuildActionEntry>
            <BuildActionEntry buildForTesting="YES" buildForAnalyzing="YES" buildForRunning="YES" buildForArchiving="YES" buildForProfiling="YES">
                <BuildableReference BuildableIdentifier="primary" BlueprintIdentifier="44B9A5FBF0B47B4A00000000" BuildableName="lib_idx_OlaFaceUnityLibrary_FaceMeshGPULibrary_A6BBE4D0_ios_min15.5.a" BlueprintName="_idx_OlaFaceUnityLibrary_FaceMeshGPULibrary_A6BBE4D0_ios_min15.5" ReferencedContainer="container:FaceUnityFramework.xcodeproj"></BuildableReference>
            </BuildActionEntry>
            <BuildActionEntry buildForAnalyzing="YES" buildForProfiling="YES" buildForTesting="YES" buildForRunning="YES" buildForArchiving="YES">
                <BuildableReference BlueprintIdentifier="44B9A5FBB696FBBA00000000" BlueprintName="_idx_BeautyFilters_BeautyFilters_6A623A90_ios_min11.0" BuildableIdentifier="primary" BuildableName="lib_idx_BeautyFilters_BeautyFilters_6A623A90_ios_min11.0.a" ReferencedContainer="container:FaceUnityFramework.xcodeproj"></BuildableReference>
            </BuildActionEntry>
            <BuildActionEntry buildForAnalyzing="YES" buildForArchiving="YES" buildForProfiling="YES" buildForRunning="YES" buildForTesting="YES">
                <BuildableReference BuildableIdentifier="primary" ReferencedContainer="container:FaceUnityFramework.xcodeproj" BuildableName="lib_idx_core_core-ios_D088DCE0_ios_min15.5.a" BlueprintName="_idx_core_core-ios_D088DCE0_ios_min15.5" BlueprintIdentifier="44B9A5FB25C0EABE00000000"></BuildableReference>
            </BuildActionEntry>
            <BuildActionEntry buildForAnalyzing="YES" buildForTesting="YES" buildForProfiling="YES" buildForArchiving="YES" buildForRunning="YES">
                <BuildableReference BuildableIdentifier="primary" BlueprintIdentifier="44B9A5FB78E2467200000000" BlueprintName="_idx_ref_gpuimagemath_E9A1E7C7_ios_min15.5" BuildableName="lib_idx_ref_gpuimagemath_E9A1E7C7_ios_min15.5.a" ReferencedContainer="container:FaceUnityFramework.xcodeproj"></BuildableReference>
            </BuildActionEntry>
            <BuildActionEntry buildForAnalyzing="YES" buildForArchiving="YES" buildForTesting="YES" buildForRunning="YES" buildForProfiling="YES">
                <BuildableReference BlueprintName="_idx_core_core-ios_D088DCE0_ios_min15.5" BuildableIdentifier="primary" ReferencedContainer="container:FaceUnityFramework.xcodeproj" BlueprintIdentifier="44B9A5FB25C0EABE00000000" BuildableName="lib_idx_core_core-ios_D088DCE0_ios_min15.5.a"></BuildableReference>
            </BuildActionEntry>
            <BuildActionEntry buildForProfiling="YES" buildForArchiving="YES" buildForRunning="YES" buildForTesting="YES" buildForAnalyzing="YES">
                <BuildableReference BuildableName="lib_idx_ref_gpuimagemath_E9A1E7C7_ios_min11.0.a" BlueprintName="_idx_ref_gpuimagemath_E9A1E7C7_ios_min11.0" BlueprintIdentifier="44B9A5FB23B67CCC00000000" BuildableIdentifier="primary" ReferencedContainer="container:FaceUnityFramework.xcodeproj"></BuildableReference>
            </BuildActionEntry>
            <BuildActionEntry buildForAnalyzing="YES" buildForRunning="YES" buildForArchiving="YES" buildForProfiling="YES" buildForTesting="YES">
                <BuildableReference ReferencedContainer="container:FaceUnityFramework.xcodeproj" BuildableIdentifier="primary" BlueprintName="_idx_ref_gpuimagemath_E9A1E7C7_ios_min15.5" BlueprintIdentifier="44B9A5FB78E2467200000000" BuildableName="lib_idx_ref_gpuimagemath_E9A1E7C7_ios_min15.5.a"></BuildableReference>
            </BuildActionEntry>
            <BuildActionEntry buildForArchiving="YES" buildForRunning="YES" buildForAnalyzing="YES" buildForProfiling="YES" buildForTesting="YES">
                <BuildableReference BuildableIdentifier="primary" BuildableName="lib_idx_OlaFaceUnityLibrary_FaceMeshGPULibrary_A6BBE4D0_ios_min15.5.a" BlueprintIdentifier="44B9A5FBF0B47B4A00000000" BlueprintName="_idx_OlaFaceUnityLibrary_FaceMeshGPULibrary_A6BBE4D0_ios_min15.5" ReferencedContainer="container:FaceUnityFramework.xcodeproj"></BuildableReference>
            </BuildActionEntry>
            <BuildActionEntry buildForProfiling="YES" buildForArchiving="YES" buildForRunning="YES" buildForAnalyzing="YES" buildForTesting="YES">
                <BuildableReference BuildableName="lib_idx_BeautyFilters_BeautyFilters_6A623A90_ios_min15.5.a" ReferencedContainer="container:FaceUnityFramework.xcodeproj" BlueprintName="_idx_BeautyFilters_BeautyFilters_6A623A90_ios_min15.5" BuildableIdentifier="primary" BlueprintIdentifier="44B9A5FBAE7635BC00000000"></BuildableReference>
            </BuildActionEntry>
            <BuildActionEntry buildForTesting="YES" buildForArchiving="YES" buildForProfiling="YES" buildForAnalyzing="YES" buildForRunning="YES">
                <BuildableReference BuildableName="lib_idx_core_core-ios_D088DCE0_ios_min11.0.a" ReferencedContainer="container:FaceUnityFramework.xcodeproj" BlueprintIdentifier="44B9A5FB37C8D68800000000" BuildableIdentifier="primary" BlueprintName="_idx_core_core-ios_D088DCE0_ios_min11.0"></BuildableReference>
            </BuildActionEntry>
            <BuildActionEntry buildForArchiving="YES" buildForTesting="YES" buildForAnalyzing="YES" buildForProfiling="YES" buildForRunning="YES">
                <BuildableReference BlueprintName="_idx_OlaFaceUnityLibrary_FaceMeshGPULibrary_A6BBE4D0_ios_min11.0" BuildableIdentifier="primary" BuildableName="lib_idx_OlaFaceUnityLibrary_FaceMeshGPULibrary_A6BBE4D0_ios_min11.0.a" ReferencedContainer="container:FaceUnityFramework.xcodeproj" BlueprintIdentifier="44B9A5FBBB6011D200000000"></BuildableReference>
            </BuildActionEntry>
            <BuildActionEntry buildForAnalyzing="YES" buildForProfiling="YES" buildForRunning="YES" buildForTesting="YES" buildForArchiving="YES">
                <BuildableReference BuildableIdentifier="primary" ReferencedContainer="container:FaceUnityFramework.xcodeproj" BlueprintName="_idx_BeautyFilters_BeautyFilters_6A623A90_ios_min11.0" BlueprintIdentifier="44B9A5FBB696FBBA00000000" BuildableName="lib_idx_BeautyFilters_BeautyFilters_6A623A90_ios_min11.0.a"></BuildableReference>
            </BuildActionEntry>
            <BuildActionEntry buildForProfiling="YES" buildForRunning="YES" buildForAnalyzing="YES" buildForTesting="YES" buildForArchiving="YES">
                <BuildableReference BuildableName="lib_idx_core_core-ios_D088DCE0_ios_min11.0.a" ReferencedContainer="container:FaceUnityFramework.xcodeproj" BuildableIdentifier="primary" BlueprintIdentifier="44B9A5FB37C8D68800000000" BlueprintName="_idx_core_core-ios_D088DCE0_ios_min11.0"></BuildableReference>
            </BuildActionEntry>
            <BuildActionEntry buildForTesting="YES" buildForArchiving="YES" buildForRunning="YES" buildForProfiling="YES" buildForAnalyzing="YES">
                <BuildableReference BuildableIdentifier="primary" ReferencedContainer="container:FaceUnityFramework.xcodeproj" BuildableName="lib_idx_gpuimageutil_8CD34168_ios_min15.5.a" BlueprintIdentifier="44B9A5FB4985D7DA00000000" BlueprintName="_idx_gpuimageutil_8CD34168_ios_min15.5"></BuildableReference>
            </BuildActionEntry>
            <BuildActionEntry buildForProfiling="YES" buildForRunning="YES" buildForAnalyzing="YES" buildForArchiving="YES" buildForTesting="YES">
                <BuildableReference BlueprintIdentifier="44B9A5FBAE7635BC00000000" BlueprintName="_idx_BeautyFilters_BeautyFilters_6A623A90_ios_min15.5" BuildableName="lib_idx_BeautyFilters_BeautyFilters_6A623A90_ios_min15.5.a" BuildableIdentifier="primary" ReferencedContainer="container:FaceUnityFramework.xcodeproj"></BuildableReference>
            </BuildActionEntry>
            <BuildActionEntry buildForProfiling="YES" buildForAnalyzing="YES" buildForRunning="YES" buildForTesting="YES" buildForArchiving="YES">
                <BuildableReference BlueprintIdentifier="44B9A5FB478C1B0400000000" BuildableName="lib_idx_gpuimageutil_8CD34168_ios_min11.0.a" BlueprintName="_idx_gpuimageutil_8CD34168_ios_min11.0" ReferencedContainer="container:FaceUnityFramework.xcodeproj" BuildableIdentifier="primary"></BuildableReference>
            </BuildActionEntry>
            <BuildActionEntry buildForProfiling="YES" buildForAnalyzing="YES" buildForTesting="YES" buildForRunning="YES" buildForArchiving="YES">
                <BuildableReference BlueprintIdentifier="44B9A5FBBB6011D200000000" BuildableName="lib_idx_OlaFaceUnityLibrary_FaceMeshGPULibrary_A6BBE4D0_ios_min11.0.a" BlueprintName="_idx_OlaFaceUnityLibrary_FaceMeshGPULibrary_A6BBE4D0_ios_min11.0" ReferencedContainer="container:FaceUnityFramework.xcodeproj" BuildableIdentifier="primary"></BuildableReference>
            </BuildActionEntry>
            <BuildActionEntry buildForTesting="YES" buildForArchiving="YES" buildForProfiling="YES" buildForRunning="YES" buildForAnalyzing="YES">
                <BuildableReference BuildableIdentifier="primary" BlueprintName="_idx_BeautyFilters_BeautyFilters_6A623A90_ios_min11.0" BlueprintIdentifier="44B9A5FBB696FBBA00000000" BuildableName="lib_idx_BeautyFilters_BeautyFilters_6A623A90_ios_min11.0.a" ReferencedContainer="container:FaceUnityFramework.xcodeproj"></BuildableReference>
            </BuildActionEntry>
            <BuildActionEntry buildForRunning="YES" buildForArchiving="YES" buildForAnalyzing="YES" buildForTesting="YES" buildForProfiling="YES">
                <BuildableReference BuildableIdentifier="primary" BlueprintIdentifier="44B9A5FBF0B47B4A00000000" ReferencedContainer="container:FaceUnityFramework.xcodeproj" BlueprintName="_idx_OlaFaceUnityLibrary_FaceMeshGPULibrary_A6BBE4D0_ios_min15.5" BuildableName="lib_idx_OlaFaceUnityLibrary_FaceMeshGPULibrary_A6BBE4D0_ios_min15.5.a"></BuildableReference>
            </BuildActionEntry>
            <BuildActionEntry buildForProfiling="YES" buildForArchiving="YES" buildForRunning="YES" buildForAnalyzing="YES" buildForTesting="YES">
                <BuildableReference BlueprintName="_idx_core_core-ios_D088DCE0_ios_min11.0" BlueprintIdentifier="44B9A5FB37C8D68800000000" BuildableName="lib_idx_core_core-ios_D088DCE0_ios_min11.0.a" ReferencedContainer="container:FaceUnityFramework.xcodeproj" BuildableIdentifier="primary"></BuildableReference>
            </BuildActionEntry>
            <BuildActionEntry buildForAnalyzing="YES" buildForRunning="YES" buildForProfiling="YES" buildForTesting="YES" buildForArchiving="YES">
                <BuildableReference BlueprintIdentifier="44B9A5FB78E2467200000000" ReferencedContainer="container:FaceUnityFramework.xcodeproj" BuildableName="lib_idx_ref_gpuimagemath_E9A1E7C7_ios_min15.5.a" BuildableIdentifier="primary" BlueprintName="_idx_ref_gpuimagemath_E9A1E7C7_ios_min15.5"></BuildableReference>
            </BuildActionEntry>
            <BuildActionEntry buildForTesting="YES" buildForRunning="YES" buildForProfiling="YES" buildForAnalyzing="YES" buildForArchiving="YES">
                <BuildableReference BlueprintIdentifier="44B9A5FBAE7635BC00000000" BlueprintName="_idx_BeautyFilters_BeautyFilters_6A623A90_ios_min15.5" ReferencedContainer="container:FaceUnityFramework.xcodeproj" BuildableIdentifier="primary" BuildableName="lib_idx_BeautyFilters_BeautyFilters_6A623A90_ios_min15.5.a"></BuildableReference>
            </BuildActionEntry>
            <BuildActionEntry buildForProfiling="YES" buildForAnalyzing="YES" buildForRunning="YES" buildForTesting="YES" buildForArchiving="YES">
                <BuildableReference BuildableIdentifier="primary" BuildableName="lib_idx_olamodule_common_library_E071BFC9_ios_min11.0.a" ReferencedContainer="container:FaceUnityFramework.xcodeproj" BlueprintIdentifier="44B9A5FB30D886CA00000000" BlueprintName="_idx_olamodule_common_library_E071BFC9_ios_min11.0"></BuildableReference>
            </BuildActionEntry>
        </BuildActionEntries>
    </BuildAction>
    <TestAction selectedLauncherIdentifier="Xcode.DebuggerFoundation.Launcher.LLDB" selectedDebuggerIdentifier="Xcode.DebuggerFoundation.Debugger.LLDB" shouldUseLaunchSchemeArgsEnv="YES" buildConfiguration="Debug">
        <Testables></Testables>
    </TestAction>
    <LaunchAction selectedDebuggerIdentifier="Xcode.DebuggerFoundation.Debugger.LLDB" debugDocumentVersioning="YES" buildConfiguration="Debug" allowLocationSimulation="YES" launchStyle="0" useCustomWorkingDirectory="NO" selectedLauncherIdentifier="Xcode.DebuggerFoundation.Launcher.LLDB" ignoresPersistentStateOnLaunch="NO" debugServiceExtension="internal">
        <EnvironmentVariables></EnvironmentVariables>
    </LaunchAction>
    <ProfileAction buildConfiguration="Release" useCustomWorkingDirectory="NO" shouldUseLaunchSchemeArgsEnv="YES" debugDocumentVersioning="YES"></ProfileAction>
    <AnalyzeAction buildConfiguration="Debug"></AnalyzeAction>
    <ArchiveAction revealArchiveInOrganizer="YES" buildConfiguration="Release"></ArchiveAction>
</Scheme>