
<Scheme version="1.3" LastUpgradeVersion="1000">
    <BuildAction parallelizeBuildables="YES" buildImplicitDependencies="YES">
        <BuildActionEntries>
            <BuildActionEntry buildForArchiving="YES" buildForTesting="YES" buildForRunning="YES" buildForAnalyzing="YES" buildForProfiling="YES">
                <BuildableReference ReferencedContainer="container:FaceUnityFramework.xcodeproj" BuildableIdentifier="primary" BlueprintName="mediapipe-render-module-beauty-ios-framework-OlaFaceUnityLibrary" BlueprintIdentifier="5182B6B8B29E682A00000000" BuildableName="libmediapipe-render-module-beauty-ios-framework-OlaFaceUnityLibrary.a"></BuildableReference>
            </BuildActionEntry>
        </BuildActionEntries>
    </BuildAction>
    <TestAction shouldUseLaunchSchemeArgsEnv="YES" buildConfiguration="__TulsiTestRunner_Debug" selectedDebuggerIdentifier="Xcode.DebuggerFoundation.Debugger.LLDB" customLLDBInitFile="$(PROJECT_FILE_PATH)/.tulsi/Utils/lldbinit" selectedLauncherIdentifier="Xcode.DebuggerFoundation.Launcher.LLDB">
        <Testables></Testables>
        <BuildableProductRunnable runnableDebuggingMode="0">
            <BuildableReference BuildableIdentifier="primary" BlueprintIdentifier="5182B6B8B29E682A00000000" BlueprintName="mediapipe-render-module-beauty-ios-framework-OlaFaceUnityLibrary" ReferencedContainer="container:FaceUnityFramework.xcodeproj" BuildableName="libmediapipe-render-module-beauty-ios-framework-OlaFaceUnityLibrary.a"></BuildableReference>
        </BuildableProductRunnable>
    </TestAction>
    <LaunchAction allowLocationSimulation="YES" ignoresPersistentStateOnLaunch="NO" buildConfiguration="Debug" selectedLauncherIdentifier="Xcode.DebuggerFoundation.Launcher.LLDB" useCustomWorkingDirectory="NO" debugDocumentVersioning="YES" debugServiceExtension="internal" launchStyle="0" customLLDBInitFile="$(PROJECT_FILE_PATH)/.tulsi/Utils/lldbinit" selectedDebuggerIdentifier="Xcode.DebuggerFoundation.Debugger.LLDB">
        <EnvironmentVariables></EnvironmentVariables>
        <MacroExpansion>
            <BuildableReference BlueprintIdentifier="5182B6B8B29E682A00000000" ReferencedContainer="container:FaceUnityFramework.xcodeproj" BlueprintName="mediapipe-render-module-beauty-ios-framework-OlaFaceUnityLibrary" BuildableIdentifier="primary" BuildableName="libmediapipe-render-module-beauty-ios-framework-OlaFaceUnityLibrary.a"></BuildableReference>
        </MacroExpansion>
    </LaunchAction>
    <ProfileAction shouldUseLaunchSchemeArgsEnv="YES" buildConfiguration="__TulsiTestRunner_Release" useCustomWorkingDirectory="NO" debugDocumentVersioning="YES">
        <MacroExpansion>
            <BuildableReference BuildableIdentifier="primary" BlueprintName="mediapipe-render-module-beauty-ios-framework-OlaFaceUnityLibrary" BuildableName="libmediapipe-render-module-beauty-ios-framework-OlaFaceUnityLibrary.a" ReferencedContainer="container:FaceUnityFramework.xcodeproj" BlueprintIdentifier="5182B6B8B29E682A00000000"></BuildableReference>
        </MacroExpansion>
    </ProfileAction>
    <AnalyzeAction buildConfiguration="Debug"></AnalyzeAction>
    <ArchiveAction revealArchiveInOrganizer="YES" buildConfiguration="Release"></ArchiveAction>
</Scheme>