
<Scheme version="1.3" LastUpgradeVersion="1000">
    <BuildAction buildImplicitDependencies="YES" parallelizeBuildables="YES">
        <BuildActionEntries>
            <BuildActionEntry buildForRunning="YES" buildForProfiling="YES" buildForArchiving="YES" buildForTesting="YES" buildForAnalyzing="YES">
                <BuildableReference BlueprintIdentifier="417D48A3D41A6FAC00000000" BuildableName="libmediapipe-render-module-beauty-ios-framework-OlaFaceUnityLibrary.a" BlueprintName="mediapipe-render-module-beauty-ios-framework-OlaFaceUnityLibrary" BuildableIdentifier="primary" ReferencedContainer="container:FaceUnityFramework.xcodeproj"></BuildableReference>
            </BuildActionEntry>
        </BuildActionEntries>
    </BuildAction>
    <TestAction buildConfiguration="__TulsiTestRunner_Debug" shouldUseLaunchSchemeArgsEnv="YES" selectedLauncherIdentifier="Xcode.DebuggerFoundation.Launcher.LLDB" selectedDebuggerIdentifier="Xcode.DebuggerFoundation.Debugger.LLDB" customLLDBInitFile="$(PROJECT_FILE_PATH)/.tulsi/Utils/lldbinit">
        <Testables></Testables>
        <BuildableProductRunnable runnableDebuggingMode="0">
            <BuildableReference BuildableName="libmediapipe-render-module-beauty-ios-framework-OlaFaceUnityLibrary.a" ReferencedContainer="container:FaceUnityFramework.xcodeproj" BuildableIdentifier="primary" BlueprintName="mediapipe-render-module-beauty-ios-framework-OlaFaceUnityLibrary" BlueprintIdentifier="417D48A3D41A6FAC00000000"></BuildableReference>
        </BuildableProductRunnable>
    </TestAction>
    <LaunchAction buildConfiguration="Debug" debugServiceExtension="internal" selectedDebuggerIdentifier="Xcode.DebuggerFoundation.Debugger.LLDB" launchStyle="0" useCustomWorkingDirectory="NO" customLLDBInitFile="$(PROJECT_FILE_PATH)/.tulsi/Utils/lldbinit" selectedLauncherIdentifier="Xcode.DebuggerFoundation.Launcher.LLDB" ignoresPersistentStateOnLaunch="NO" debugDocumentVersioning="YES" allowLocationSimulation="YES">
        <EnvironmentVariables></EnvironmentVariables>
        <MacroExpansion>
            <BuildableReference BuildableName="libmediapipe-render-module-beauty-ios-framework-OlaFaceUnityLibrary.a" BlueprintName="mediapipe-render-module-beauty-ios-framework-OlaFaceUnityLibrary" BlueprintIdentifier="417D48A3D41A6FAC00000000" BuildableIdentifier="primary" ReferencedContainer="container:FaceUnityFramework.xcodeproj"></BuildableReference>
        </MacroExpansion>
    </LaunchAction>
    <ProfileAction shouldUseLaunchSchemeArgsEnv="YES" buildConfiguration="__TulsiTestRunner_Release" useCustomWorkingDirectory="NO" debugDocumentVersioning="YES">
        <MacroExpansion>
            <BuildableReference BuildableName="libmediapipe-render-module-beauty-ios-framework-OlaFaceUnityLibrary.a" ReferencedContainer="container:FaceUnityFramework.xcodeproj" BlueprintIdentifier="417D48A3D41A6FAC00000000" BlueprintName="mediapipe-render-module-beauty-ios-framework-OlaFaceUnityLibrary" BuildableIdentifier="primary"></BuildableReference>
        </MacroExpansion>
    </ProfileAction>
    <AnalyzeAction buildConfiguration="Debug"></AnalyzeAction>
    <ArchiveAction buildConfiguration="Release" revealArchiveInOrganizer="YES"></ArchiveAction>
</Scheme>