
<Scheme version="1.3" LastUpgradeVersion="1000">
    <BuildAction parallelizeBuildables="YES" buildImplicitDependencies="YES">
        <BuildActionEntries>
            <BuildActionEntry buildForAnalyzing="YES" buildForRunning="YES" buildForTesting="YES" buildForArchiving="YES" buildForProfiling="YES">
                <BuildableReference ReferencedContainer="container:FaceUnityFramework.xcodeproj" BlueprintIdentifier="EDD0A78501748AFE00000000" BuildableName="OlaFaceUnityFramework.framework" BlueprintName="OlaFaceUnityFramework" BuildableIdentifier="primary"></BuildableReference>
            </BuildActionEntry>
        </BuildActionEntries>
    </BuildAction>
    <TestAction selectedDebuggerIdentifier="Xcode.DebuggerFoundation.Debugger.LLDB" customLLDBInitFile="$(PROJECT_FILE_PATH)/.tulsi/Utils/lldbinit" buildConfiguration="__TulsiTestRunner_Debug" shouldUseLaunchSchemeArgsEnv="YES" selectedLauncherIdentifier="Xcode.DebuggerFoundation.Launcher.LLDB">
        <Testables></Testables>
        <BuildableProductRunnable runnableDebuggingMode="0">
            <BuildableReference BuildableIdentifier="primary" BuildableName="OlaFaceUnityFramework.framework" ReferencedContainer="container:FaceUnityFramework.xcodeproj" BlueprintIdentifier="EDD0A78501748AFE00000000" BlueprintName="OlaFaceUnityFramework"></BuildableReference>
        </BuildableProductRunnable>
    </TestAction>
    <LaunchAction launchStyle="0" useCustomWorkingDirectory="NO" allowLocationSimulation="YES" selectedLauncherIdentifier="Xcode.DebuggerFoundation.Launcher.LLDB" ignoresPersistentStateOnLaunch="NO" debugDocumentVersioning="YES" debugServiceExtension="internal" buildConfiguration="Debug" customLLDBInitFile="$(PROJECT_FILE_PATH)/.tulsi/Utils/lldbinit" selectedDebuggerIdentifier="Xcode.DebuggerFoundation.Debugger.LLDB">
        <EnvironmentVariables></EnvironmentVariables>
        <BuildableProductRunnable runnableDebuggingMode="0">
            <BuildableReference ReferencedContainer="container:FaceUnityFramework.xcodeproj" BuildableIdentifier="primary" BlueprintIdentifier="EDD0A78501748AFE00000000" BlueprintName="OlaFaceUnityFramework" BuildableName="OlaFaceUnityFramework.framework"></BuildableReference>
        </BuildableProductRunnable>
    </LaunchAction>
    <ProfileAction useCustomWorkingDirectory="NO" buildConfiguration="__TulsiTestRunner_Release" debugDocumentVersioning="YES" shouldUseLaunchSchemeArgsEnv="YES">
        <BuildableProductRunnable runnableDebuggingMode="0">
            <BuildableReference ReferencedContainer="container:FaceUnityFramework.xcodeproj" BuildableIdentifier="primary" BlueprintName="OlaFaceUnityFramework" BlueprintIdentifier="EDD0A78501748AFE00000000" BuildableName="OlaFaceUnityFramework.framework"></BuildableReference>
        </BuildableProductRunnable>
    </ProfileAction>
    <AnalyzeAction buildConfiguration="Debug"></AnalyzeAction>
    <ArchiveAction buildConfiguration="Release" revealArchiveInOrganizer="YES"></ArchiveAction>
</Scheme>