
<Scheme version="1.3" LastUpgradeVersion="1000">
    <BuildAction parallelizeBuildables="YES" buildImplicitDependencies="YES">
        <BuildActionEntries>
            <BuildActionEntry buildForTesting="YES" buildForRunning="YES" buildForAnalyzing="YES" buildForArchiving="YES" buildForProfiling="YES">
                <BuildableReference BuildableName="OlaFaceUnityFramework.framework" BuildableIdentifier="primary" BlueprintIdentifier="44B9A5FBCBB31F7C00000000" BlueprintName="OlaFaceUnityFramework" ReferencedContainer="container:FaceUnityFramework.xcodeproj"></BuildableReference>
            </BuildActionEntry>
        </BuildActionEntries>
    </BuildAction>
    <TestAction selectedDebuggerIdentifier="Xcode.DebuggerFoundation.Debugger.LLDB" buildConfiguration="__TulsiTestRunner_Debug" shouldUseLaunchSchemeArgsEnv="YES" selectedLauncherIdentifier="Xcode.DebuggerFoundation.Launcher.LLDB" customLLDBInitFile="$(PROJECT_FILE_PATH)/.tulsi/Utils/lldbinit">
        <Testables></Testables>
        <BuildableProductRunnable runnableDebuggingMode="0">
            <BuildableReference BuildableIdentifier="primary" BuildableName="OlaFaceUnityFramework.framework" BlueprintIdentifier="44B9A5FBCBB31F7C00000000" BlueprintName="OlaFaceUnityFramework" ReferencedContainer="container:FaceUnityFramework.xcodeproj"></BuildableReference>
        </BuildableProductRunnable>
    </TestAction>
    <LaunchAction launchStyle="0" ignoresPersistentStateOnLaunch="NO" debugServiceExtension="internal" customLLDBInitFile="$(PROJECT_FILE_PATH)/.tulsi/Utils/lldbinit" buildConfiguration="Debug" selectedLauncherIdentifier="Xcode.DebuggerFoundation.Launcher.LLDB" selectedDebuggerIdentifier="Xcode.DebuggerFoundation.Debugger.LLDB" allowLocationSimulation="YES" useCustomWorkingDirectory="NO" debugDocumentVersioning="YES">
        <EnvironmentVariables></EnvironmentVariables>
        <BuildableProductRunnable runnableDebuggingMode="0">
            <BuildableReference BlueprintIdentifier="44B9A5FBCBB31F7C00000000" BlueprintName="OlaFaceUnityFramework" ReferencedContainer="container:FaceUnityFramework.xcodeproj" BuildableIdentifier="primary" BuildableName="OlaFaceUnityFramework.framework"></BuildableReference>
        </BuildableProductRunnable>
    </LaunchAction>
    <ProfileAction debugDocumentVersioning="YES" buildConfiguration="__TulsiTestRunner_Release" shouldUseLaunchSchemeArgsEnv="YES" useCustomWorkingDirectory="NO">
        <BuildableProductRunnable runnableDebuggingMode="0">
            <BuildableReference BuildableIdentifier="primary" BuildableName="OlaFaceUnityFramework.framework" ReferencedContainer="container:FaceUnityFramework.xcodeproj" BlueprintName="OlaFaceUnityFramework" BlueprintIdentifier="44B9A5FBCBB31F7C00000000"></BuildableReference>
        </BuildableProductRunnable>
    </ProfileAction>
    <AnalyzeAction buildConfiguration="Debug"></AnalyzeAction>
    <ArchiveAction revealArchiveInOrganizer="YES" buildConfiguration="Release"></ArchiveAction>
</Scheme>